// !$*UTF8*$!
{
	archiveVersion = 1;
	classes = {
	};
	objectVersion = 46;
	objects = {

/* Begin PBXBuildFile section */
		B002194E1F35357C00F1F886 /* AppDelegate.swift in Sources */ = {isa = PBXBuildFile; fileRef = B002194D1F35357C00F1F886 /* AppDelegate.swift */; };
		B00219501F35357C00F1F886 /* ViewController.swift in Sources */ = {isa = PBXBuildFile; fileRef = B002194F1F35357C00F1F886 /* ViewController.swift */; };
		B00219531F35357C00F1F886 /* Main.storyboard in Resources */ = {isa = PBXBuildFile; fileRef = B00219511F35357C00F1F886 /* Main.storyboard */; };
		B00219551F35357C00F1F886 /* Assets.xcassets in Resources */ = {isa = PBXBuildFile; fileRef = B00219541F35357C00F1F886 /* Assets.xcassets */; };
		B01D49D21F367B7500B49DA7 /* HLGameController.swift in Sources */ = {isa = PBXBuildFile; fileRef = B01D49D11F367B7500B49DA7 /* HLGameController.swift */; };
		B03D32591F4387DA008CE7FA /* HLPong.swift in Sources */ = {isa = PBXBuildFile; fileRef = B03D32581F4387DA008CE7FA /* HLPong.swift */; };
		B0A93EB71F36BEF600BC3BD2 /* HLAtacker.swift in Sources */ = {isa = PBXBuildFile; fileRef = B0A93EB61F36BEF600BC3BD2 /* HLAtacker.swift */; };
		B0C18C221F3CFDF1007FB0A8 /* Basso.aiff in Resources */ = {isa = PBXBuildFile; fileRef = B0C18C141F3CFDF1007FB0A8 /* Basso.aiff */; };
		B0C18C231F3CFDF1007FB0A8 /* Blow.aiff in Resources */ = {isa = PBXBuildFile; fileRef = B0C18C151F3CFDF1007FB0A8 /* Blow.aiff */; };
		B0C18C241F3CFDF1007FB0A8 /* Bottle.aiff in Resources */ = {isa = PBXBuildFile; fileRef = B0C18C161F3CFDF1007FB0A8 /* Bottle.aiff */; };
		B0C18C251F3CFDF1007FB0A8 /* Frog.aiff in Resources */ = {isa = PBXBuildFile; fileRef = B0C18C171F3CFDF1007FB0A8 /* Frog.aiff */; };
		B0C18C261F3CFDF1007FB0A8 /* Funk.aiff in Resources */ = {isa = PBXBuildFile; fileRef = B0C18C181F3CFDF1007FB0A8 /* Funk.aiff */; };
		B0C18C271F3CFDF1007FB0A8 /* Glass.aiff in Resources */ = {isa = PBXBuildFile; fileRef = B0C18C191F3CFDF1007FB0A8 /* Glass.aiff */; };
		B0C18C281F3CFDF1007FB0A8 /* Hero.aiff in Resources */ = {isa = PBXBuildFile; fileRef = B0C18C1A1F3CFDF1007FB0A8 /* Hero.aiff */; };
		B0C18C291F3CFDF1007FB0A8 /* Morse.aiff in Resources */ = {isa = PBXBuildFile; fileRef = B0C18C1B1F3CFDF1007FB0A8 /* Morse.aiff */; };
		B0C18C2A1F3CFDF1007FB0A8 /* Ping.aiff in Resources */ = {isa = PBXBuildFile; fileRef = B0C18C1C1F3CFDF1007FB0A8 /* Ping.aiff */; };
		B0C18C2B1F3CFDF1007FB0A8 /* Pop.aiff in Resources */ = {isa = PBXBuildFile; fileRef = B0C18C1D1F3CFDF1007FB0A8 /* Pop.aiff */; };
		B0C18C2C1F3CFDF1007FB0A8 /* Purr.aiff in Resources */ = {isa = PBXBuildFile; fileRef = B0C18C1E1F3CFDF1007FB0A8 /* Purr.aiff */; };
		B0C18C2D1F3CFDF1007FB0A8 /* Sosumi.aiff in Resources */ = {isa = PBXBuildFile; fileRef = B0C18C1F1F3CFDF1007FB0A8 /* Sosumi.aiff */; };
		B0C18C2E1F3CFDF1007FB0A8 /* Submarine.aiff in Resources */ = {isa = PBXBuildFile; fileRef = B0C18C201F3CFDF1007FB0A8 /* Submarine.aiff */; };
		B0C18C2F1F3CFDF1007FB0A8 /* Tink.aiff in Resources */ = {isa = PBXBuildFile; fileRef = B0C18C211F3CFDF1007FB0A8 /* Tink.aiff */; };
/* End PBXBuildFile section */

/* Begin PBXFileReference section */
		B002194A1F35357C00F1F886 /* HLPong.app */ = {isa = PBXFileReference; explicitFileType = wrapper.application; includeInIndex = 0; path = HLPong.app; sourceTree = BUILT_PRODUCTS_DIR; };
		B002194D1F35357C00F1F886 /* AppDelegate.swift */ = {isa = PBXFileReference; lastKnownFileType = sourcecode.swift; path = AppDelegate.swift; sourceTree = "<group>"; };
		B002194F1F35357C00F1F886 /* ViewController.swift */ = {isa = PBXFileReference; lastKnownFileType = sourcecode.swift; path = ViewController.swift; sourceTree = "<group>"; };
		B00219521F35357C00F1F886 /* Base */ = {isa = PBXFileReference; lastKnownFileType = file.storyboard; name = Base; path = Base.lproj/Main.storyboard; sourceTree = "<group>"; };
		B00219541F35357C00F1F886 /* Assets.xcassets */ = {isa = PBXFileReference; lastKnownFileType = folder.assetcatalog; path = Assets.xcassets; sourceTree = "<group>"; };
		B00219561F35357C00F1F886 /* Info.plist */ = {isa = PBXFileReference; lastKnownFileType = text.plist.xml; path = Info.plist; sourceTree = "<group>"; };
		B01D49D11F367B7500B49DA7 /* HLGameController.swift */ = {isa = PBXFileReference; fileEncoding = 4; lastKnownFileType = sourcecode.swift; path = HLGameController.swift; sourceTree = "<group>"; };
		B03D32581F4387DA008CE7FA /* HLPong.swift */ = {isa = PBXFileReference; fileEncoding = 4; lastKnownFileType = sourcecode.swift; path = HLPong.swift; sourceTree = "<group>"; };
		B0A93EB61F36BEF600BC3BD2 /* HLAtacker.swift */ = {isa = PBXFileReference; fileEncoding = 4; lastKnownFileType = sourcecode.swift; path = HLAtacker.swift; sourceTree = "<group>"; };
		B0C18C141F3CFDF1007FB0A8 /* Basso.aiff */ = {isa = PBXFileReference; lastKnownFileType = audio.aiff; path = Basso.aiff; sourceTree = "<group>"; };
		B0C18C151F3CFDF1007FB0A8 /* Blow.aiff */ = {isa = PBXFileReference; lastKnownFileType = audio.aiff; path = Blow.aiff; sourceTree = "<group>"; };
		B0C18C161F3CFDF1007FB0A8 /* Bottle.aiff */ = {isa = PBXFileReference; lastKnownFileType = audio.aiff; path = Bottle.aiff; sourceTree = "<group>"; };
		B0C18C171F3CFDF1007FB0A8 /* Frog.aiff */ = {isa = PBXFileReference; lastKnownFileType = audio.aiff; path = Frog.aiff; sourceTree = "<group>"; };
		B0C18C181F3CFDF1007FB0A8 /* Funk.aiff */ = {isa = PBXFileReference; lastKnownFileType = audio.aiff; path = Funk.aiff; sourceTree = "<group>"; };
		B0C18C191F3CFDF1007FB0A8 /* Glass.aiff */ = {isa = PBXFileReference; lastKnownFileType = audio.aiff; path = Glass.aiff; sourceTree = "<group>"; };
		B0C18C1A1F3CFDF1007FB0A8 /* Hero.aiff */ = {isa = PBXFileReference; lastKnownFileType = audio.aiff; path = Hero.aiff; sourceTree = "<group>"; };
		B0C18C1B1F3CFDF1007FB0A8 /* Morse.aiff */ = {isa = PBXFileReference; lastKnownFileType = audio.aiff; path = Morse.aiff; sourceTree = "<group>"; };
		B0C18C1C1F3CFDF1007FB0A8 /* Ping.aiff */ = {isa = PBXFileReference; lastKnownFileType = audio.aiff; path = Ping.aiff; sourceTree = "<group>"; };
		B0C18C1D1F3CFDF1007FB0A8 /* Pop.aiff */ = {isa = PBXFileReference; lastKnownFileType = audio.aiff; path = Pop.aiff; sourceTree = "<group>"; };
		B0C18C1E1F3CFDF1007FB0A8 /* Purr.aiff */ = {isa = PBXFileReference; lastKnownFileType = audio.aiff; path = Purr.aiff; sourceTree = "<group>"; };
		B0C18C1F1F3CFDF1007FB0A8 /* Sosumi.aiff */ = {isa = PBXFileReference; lastKnownFileType = audio.aiff; path = Sosumi.aiff; sourceTree = "<group>"; };
		B0C18C201F3CFDF1007FB0A8 /* Submarine.aiff */ = {isa = PBXFileReference; lastKnownFileType = audio.aiff; path = Submarine.aiff; sourceTree = "<group>"; };
		B0C18C211F3CFDF1007FB0A8 /* Tink.aiff */ = {isa = PBXFileReference; lastKnownFileType = audio.aiff; path = Tink.aiff; sourceTree = "<group>"; };
/* End PBXFileReference section */

/* Begin PBXFrameworksBuildPhase section */
		B00219471F35357C00F1F886 /* Frameworks */ = {
			isa = PBXFrameworksBuildPhase;
			buildActionMask = 2147483647;
			files = (
			);
			runOnlyForDeploymentPostprocessing = 0;
		};
/* End PBXFrameworksBuildPhase section */

/* Begin PBXGroup section */
		B00219411F35357C00F1F886 = {
			isa = PBXGroup;
			children = (
				B002194C1F35357C00F1F886 /* HLPong */,
				B0C18C131F3CFDF1007FB0A8 /* Sounds */,
				B002194B1F35357C00F1F886 /* Products */,
			);
			sourceTree = "<group>";
		};
		B002194B1F35357C00F1F886 /* Products */ = {
			isa = PBXGroup;
			children = (
				B002194A1F35357C00F1F886 /* HLPong.app */,
			);
			name = Products;
			sourceTree = "<group>";
		};
		B002194C1F35357C00F1F886 /* HLPong */ = {
			isa = PBXGroup;
			children = (
				B01D49D11F367B7500B49DA7 /* HLGameController.swift */,
				B002194D1F35357C00F1F886 /* AppDelegate.swift */,
				B002194F1F35357C00F1F886 /* ViewController.swift */,
				B00219511F35357C00F1F886 /* Main.storyboard */,
				B00219541F35357C00F1F886 /* Assets.xcassets */,
				B00219561F35357C00F1F886 /* Info.plist */,
				B0A93EB61F36BEF600BC3BD2 /* HLAtacker.swift */,
				B03D32581F4387DA008CE7FA /* HLPong.swift */,
			);
			path = HLPong;
			sourceTree = "<group>";
		};
		B0C18C131F3CFDF1007FB0A8 /* Sounds */ = {
			isa = PBXGroup;
			children = (
				B0C18C141F3CFDF1007FB0A8 /* Basso.aiff */,
				B0C18C151F3CFDF1007FB0A8 /* Blow.aiff */,
				B0C18C161F3CFDF1007FB0A8 /* Bottle.aiff */,
				B0C18C171F3CFDF1007FB0A8 /* Frog.aiff */,
				B0C18C181F3CFDF1007FB0A8 /* Funk.aiff */,
				B0C18C191F3CFDF1007FB0A8 /* Glass.aiff */,
				B0C18C1A1F3CFDF1007FB0A8 /* Hero.aiff */,
				B0C18C1B1F3CFDF1007FB0A8 /* Morse.aiff */,
				B0C18C1C1F3CFDF1007FB0A8 /* Ping.aiff */,
				B0C18C1D1F3CFDF1007FB0A8 /* Pop.aiff */,
				B0C18C1E1F3CFDF1007FB0A8 /* Purr.aiff */,
				B0C18C1F1F3CFDF1007FB0A8 /* Sosumi.aiff */,
				B0C18C201F3CFDF1007FB0A8 /* Submarine.aiff */,
				B0C18C211F3CFDF1007FB0A8 /* Tink.aiff */,
			);
			path = Sounds;
			sourceTree = "<group>";
		};
/* End PBXGroup section */

/* Begin PBXNativeTarget section */
		B00219491F35357C00F1F886 /* HLPong */ = {
			isa = PBXNativeTarget;
			buildConfigurationList = B00219591F35357C00F1F886 /* Build configuration list for PBXNativeTarget "HLPong" */;
			buildPhases = (
				B00219461F35357C00F1F886 /* Sources */,
				B00219471F35357C00F1F886 /* Frameworks */,
				B00219481F35357C00F1F886 /* Resources */,
			);
			buildRules = (
			);
			dependencies = (
			);
			name = HLPong;
			productName = HLPong;
			productReference = B002194A1F35357C00F1F886 /* HLPong.app */;
			productType = "com.apple.product-type.application";
		};
/* End PBXNativeTarget section */

/* Begin PBXProject section */
		B00219421F35357C00F1F886 /* Project object */ = {
			isa = PBXProject;
			attributes = {
				LastSwiftUpdateCheck = 0830;
				LastUpgradeCheck = 1030;
				ORGANIZATIONNAME = HomerLabs;
				TargetAttributes = {
					B00219491F35357C00F1F886 = {
						CreatedOnToolsVersion = 8.3.3;
						DevelopmentTeam = 9YP4SSJBR5;
						LastSwiftMigration = 1030;
						ProvisioningStyle = Automatic;
					};
				};
			};
			buildConfigurationList = B00219451F35357C00F1F886 /* Build configuration list for PBXProject "HLPong" */;
			compatibilityVersion = "Xcode 3.2";
			developmentRegion = en;
			hasScannedForEncodings = 0;
			knownRegions = (
				en,
				Base,
			);
			mainGroup = B00219411F35357C00F1F886;
			productRefGroup = B002194B1F35357C00F1F886 /* Products */;
			projectDirPath = "";
			projectRoot = "";
			targets = (
				B00219491F35357C00F1F886 /* HLPong */,
			);
		};
/* End PBXProject section */

/* Begin PBXResourcesBuildPhase section */
		B00219481F35357C00F1F886 /* Resources */ = {
			isa = PBXResourcesBuildPhase;
			buildActionMask = 2147483647;
			files = (
				B0C18C2E1F3CFDF1007FB0A8 /* Submarine.aiff in Resources */,
				B0C18C291F3CFDF1007FB0A8 /* Morse.aiff in Resources */,
				B0C18C271F3CFDF1007FB0A8 /* Glass.aiff in Resources */,
				B0C18C2F1F3CFDF1007FB0A8 /* Tink.aiff in Resources */,
				B0C18C261F3CFDF1007FB0A8 /* Funk.aiff in Resources */,
				B0C18C2B1F3CFDF1007FB0A8 /* Pop.aiff in Resources */,
				B0C18C221F3CFDF1007FB0A8 /* Basso.aiff in Resources */,
				B0C18C2A1F3CFDF1007FB0A8 /* Ping.aiff in Resources */,
				B0C18C231F3CFDF1007FB0A8 /* Blow.aiff in Resources */,
				B0C18C241F3CFDF1007FB0A8 /* Bottle.aiff in Resources */,
				B0C18C251F3CFDF1007FB0A8 /* Frog.aiff in Resources */,
				B0C18C2D1F3CFDF1007FB0A8 /* Sosumi.aiff in Resources */,
				B0C18C281F3CFDF1007FB0A8 /* Hero.aiff in Resources */,
				B00219551F35357C00F1F886 /* Assets.xcassets in Resources */,
				B0C18C2C1F3CFDF1007FB0A8 /* Purr.aiff in Resources */,
				B00219531F35357C00F1F886 /* Main.storyboard in Resources */,
			);
			runOnlyForDeploymentPostprocessing = 0;
		};
/* End PBXResourcesBuildPhase section */

/* Begin PBXSourcesBuildPhase section */
		B00219461F35357C00F1F886 /* Sources */ = {
			isa = PBXSourcesBuildPhase;
			buildActionMask = 2147483647;
			files = (
				B00219501F35357C00F1F886 /* ViewController.swift in Sources */,
				B0A93EB71F36BEF600BC3BD2 /* HLAtacker.swift in Sources */,
				B002194E1F35357C00F1F886 /* AppDelegate.swift in Sources */,
				B01D49D21F367B7500B49DA7 /* HLGameController.swift in Sources */,
				B03D32591F4387DA008CE7FA /* HLPong.swift in Sources */,
			);
			runOnlyForDeploymentPostprocessing = 0;
		};
/* End PBXSourcesBuildPhase section */

/* Begin PBXVariantGroup section */
		B00219511F35357C00F1F886 /* Main.storyboard */ = {
			isa = PBXVariantGroup;
			children = (
				B00219521F35357C00F1F886 /* Base */,
			);
			name = Main.storyboard;
			sourceTree = "<group>";
		};
/* End PBXVariantGroup section */

/* Begin XCBuildConfiguration section */
		B00219571F35357C00F1F886 /* Debug */ = {
			isa = XCBuildConfiguration;
			buildSettings = {
				ALWAYS_SEARCH_USER_PATHS = NO;
				CLANG_ANALYZER_LOCALIZABILITY_NONLOCALIZED = YES;
				CLANG_ANALYZER_NONNULL = YES;
				CLANG_ANALYZER_NUMBER_OBJECT_CONVERSION = YES_AGGRESSIVE;
				CLANG_CXX_LANGUAGE_STANDARD = "gnu++0x";
				CLANG_CXX_LIBRARY = "libc++";
				CLANG_ENABLE_MODULES = YES;
				CLANG_ENABLE_OBJC_ARC = YES;
				CLANG_WARN_BLOCK_CAPTURE_AUTORELEASING = YES;
				CLANG_WARN_BOOL_CONVERSION = YES;
				CLANG_WARN_COMMA = YES;
				CLANG_WARN_CONSTANT_CONVERSION = YES;
				CLANG_WARN_DEPRECATED_OBJC_IMPLEMENTATIONS = YES;
				CLANG_WARN_DIRECT_OBJC_ISA_USAGE = YES_ERROR;
				CLANG_WARN_DOCUMENTATION_COMMENTS = YES;
				CLANG_WARN_EMPTY_BODY = YES;
				CLANG_WARN_ENUM_CONVERSION = YES;
				CLANG_WARN_INFINITE_RECURSION = YES;
				CLANG_WARN_INT_CONVERSION = YES;
				CLANG_WARN_NON_LITERAL_NULL_CONVERSION = YES;
				CLANG_WARN_OBJC_IMPLICIT_RETAIN_SELF = YES;
				CLANG_WARN_OBJC_LITERAL_CONVERSION = YES;
				CLANG_WARN_OBJC_ROOT_CLASS = YES_ERROR;
				CLANG_WARN_RANGE_LOOP_ANALYSIS = YES;
				CLANG_WARN_STRICT_PROTOTYPES = YES;
				CLANG_WARN_SUSPICIOUS_MOVE = YES;
				CLANG_WARN_UNREACHABLE_CODE = YES;
				CLANG_WARN__DUPLICATE_METHOD_MATCH = YES;
				COPY_PHASE_STRIP = NO;
				DEBUG_INFORMATION_FORMAT = dwarf;
				ENABLE_STRICT_OBJC_MSGSEND = YES;
				ENABLE_TESTABILITY = YES;
				GCC_C_LANGUAGE_STANDARD = gnu99;
				GCC_DYNAMIC_NO_PIC = NO;
				GCC_NO_COMMON_BLOCKS = YES;
				GCC_OPTIMIZATION_LEVEL = 0;
				GCC_PREPROCESSOR_DEFINITIONS = (
					"DEBUG=1",
					"$(inherited)",
				);
				GCC_WARN_64_TO_32_BIT_CONVERSION = YES;
				GCC_WARN_ABOUT_RETURN_TYPE = YES_ERROR;
				GCC_WARN_UNDECLARED_SELECTOR = YES;
				GCC_WARN_UNINITIALIZED_AUTOS = YES_AGGRESSIVE;
				GCC_WARN_UNUSED_FUNCTION = YES;
				GCC_WARN_UNUSED_VARIABLE = YES;
				MTL_ENABLE_DEBUG_INFO = YES;
				ONLY_ACTIVE_ARCH = YES;
				SDKROOT = appletvos;
				SWIFT_ACTIVE_COMPILATION_CONDITIONS = DEBUG;
				SWIFT_OPTIMIZATION_LEVEL = "-Onone";
				TARGETED_DEVICE_FAMILY = 3;
				TVOS_DEPLOYMENT_TARGET = 10.2;
			};
			name = Debug;
		};
		B00219581F35357C00F1F886 /* Release */ = {
			isa = XCBuildConfiguration;
			buildSettings = {
				ALWAYS_SEARCH_USER_PATHS = NO;
				CLANG_ANALYZER_LOCALIZABILITY_NONLOCALIZED = YES;
				CLANG_ANALYZER_NONNULL = YES;
				CLANG_ANALYZER_NUMBER_OBJECT_CONVERSION = YES_AGGRESSIVE;
				CLANG_CXX_LANGUAGE_STANDARD = "gnu++0x";
				CLANG_CXX_LIBRARY = "libc++";
				CLANG_ENABLE_MODULES = YES;
				CLANG_ENABLE_OBJC_ARC = YES;
				CLANG_WARN_BLOCK_CAPTURE_AUTORELEASING = YES;
				CLANG_WARN_BOOL_CONVERSION = YES;
				CLANG_WARN_COMMA = YES;
				CLANG_WARN_CONSTANT_CONVERSION = YES;
				CLANG_WARN_DEPRECATED_OBJC_IMPLEMENTATIONS = YES;
				CLANG_WARN_DIRECT_OBJC_ISA_USAGE = YES_ERROR;
				CLANG_WARN_DOCUMENTATION_COMMENTS = YES;
				CLANG_WARN_EMPTY_BODY = YES;
				CLANG_WARN_ENUM_CONVERSION = YES;
				CLANG_WARN_INFINITE_RECURSION = YES;
				CLANG_WARN_INT_CONVERSION = YES;
				CLANG_WARN_NON_LITERAL_NULL_CONVERSION = YES;
				CLANG_WARN_OBJC_IMPLICIT_RETAIN_SELF = YES;
				CLANG_WARN_OBJC_LITERAL_CONVERSION = YES;
				CLANG_WARN_OBJC_ROOT_CLASS = YES_ERROR;
				CLANG_WARN_RANGE_LOOP_ANALYSIS = YES;
				CLANG_WARN_STRICT_PROTOTYPES = YES;
				CLANG_WARN_SUSPICIOUS_MOVE = YES;
				CLANG_WARN_UNREACHABLE_CODE = YES;
				CLANG_WARN__DUPLICATE_METHOD_MATCH = YES;
				COPY_PHASE_STRIP = NO;
				DEBUG_INFORMATION_FORMAT = "dwarf-with-dsym";
				ENABLE_NS_ASSERTIONS = NO;
				ENABLE_STRICT_OBJC_MSGSEND = YES;
				GCC_C_LANGUAGE_STANDARD = gnu99;
				GCC_NO_COMMON_BLOCKS = YES;
				GCC_WARN_64_TO_32_BIT_CONVERSION = YES;
				GCC_WARN_ABOUT_RETURN_TYPE = YES_ERROR;
				GCC_WARN_UNDECLARED_SELECTOR = YES;
				GCC_WARN_UNINITIALIZED_AUTOS = YES_AGGRESSIVE;
				GCC_WARN_UNUSED_FUNCTION = YES;
				GCC_WARN_UNUSED_VARIABLE = YES;
				MTL_ENABLE_DEBUG_INFO = NO;
				SDKROOT = appletvos;
				SWIFT_OPTIMIZATION_LEVEL = "-Owholemodule";
				TARGETED_DEVICE_FAMILY = 3;
				TVOS_DEPLOYMENT_TARGET = 10.2;
				VALIDATE_PRODUCT = YES;
			};
			name = Release;
		};
		B002195A1F35357C00F1F886 /* Debug */ = {
			isa = XCBuildConfiguration;
			buildSettings = {
				ASSETCATALOG_COMPILER_APPICON_NAME = "App Icon & Top Shelf Image";
				ASSETCATALOG_COMPILER_LAUNCHIMAGE_NAME = LaunchImage;
				DEVELOPMENT_TEAM = 9YP4SSJBR5;
				INFOPLIST_FILE = HLPong/Info.plist;
				LD_RUNPATH_SEARCH_PATHS = "$(inherited) @executable_path/Frameworks";
				PRODUCT_BUNDLE_IDENTIFIER = com.homerlabs.HLPong;
				PRODUCT_NAME = "$(TARGET_NAME)";
				SWIFT_VERSION = 5.0;
			};
			name = Debug;
		};
		B002195B1F35357C00F1F886 /* Release */ = {
			isa = XCBuildConfiguration;
			buildSettings = {
				ASSETCATALOG_COMPILER_APPICON_NAME = "App Icon & Top Shelf Image";
				ASSETCATALOG_COMPILER_LAUNCHIMAGE_NAME = LaunchImage;
				DEVELOPMENT_TEAM = 9YP4SSJBR5;
				INFOPLIST_FILE = HLPong/Info.plist;
				LD_RUNPATH_SEARCH_PATHS = "$(inherited) @executable_path/Frameworks";
				PRODUCT_BUNDLE_IDENTIFIER = com.homerlabs.HLPong;
				PRODUCT_NAME = "$(TARGET_NAME)";
				SWIFT_VERSION = 5.0;
			};
			name = Release;
		};
/* End XCBuildConfiguration section */

/* Begin XCConfigurationList section */
		B00219451F35357C00F1F886 /* Build configuration list for PBXProject "HLPong" */ = {
			isa = XCConfigurationList;
			buildConfigurations = (
				B00219571F35357C00F1F886 /* Debug */,
				B00219581F35357C00F1F886 /* Release */,
			);
			defaultConfigurationIsVisible = 0;
			defaultConfigurationName = Release;
		};
		B00219591F35357C00F1F886 /* Build configuration list for PBXNativeTarget "HLPong" */ = {
			isa = XCConfigurationList;
			buildConfigurations = (
				B002195A1F35357C00F1F886 /* Debug */,
				B002195B1F35357C00F1F886 /* Release */,
			);
			defaultConfigurationIsVisible = 0;
			defaultConfigurationName = Release;
		};
/* End XCConfigurationList section */
	};
	rootObject = B00219421F35357C00F1F886 /* Project object */;
}
