// !$*UTF8*$!
{
	archiveVersion = 1;
	classes = {
	};
	objectVersion = 77;
	objects = {

/* Begin PBXContainerItemProxy section */
		B0DE3E052D04E73700B6E6B3 /* PBXContainerItemProxy */ = {
			isa = PBXContainerItemProxy;
			containerPortal = B0DE3DE32D04E73600B6E6B3 /* Project object */;
			proxyType = 1;
			remoteGlobalIDString = B0DE3DEA2D04E73600B6E6B3;
			remoteInfo = TwoBrains;
		};
		B0DE3E0F2D04E73700B6E6B3 /* PBXContainerItemProxy */ = {
			isa = PBXContainerItemProxy;
			containerPortal = B0DE3DE32D04E73600B6E6B3 /* Project object */;
			proxyType = 1;
			remoteGlobalIDString = B0DE3DEA2D04E73600B6E6B3;
			remoteInfo = TwoBrains;
		};
/* End PBXContainerItemProxy section */

/* Begin PBXFileReference section */
		B0DE3DEB2D04E73600B6E6B3 /* TwoBrains.app */ = {isa = PBXFileReference; explicitFileType = wrapper.application; includeInIndex = 0; path = TwoBrains.app; sourceTree = BUILT_PRODUCTS_DIR; };
		B0DE3E042D04E73700B6E6B3 /* TwoBrainsTests.xctest */ = {isa = PBXFileReference; explicitFileType = wrapper.cfbundle; includeInIndex = 0; path = TwoBrainsTests.xctest; sourceTree = BUILT_PRODUCTS_DIR; };
		B0DE3E0E2D04E73700B6E6B3 /* TwoBrainsUITests.xctest */ = {isa = PBXFileReference; explicitFileType = wrapper.cfbundle; includeInIndex = 0; path = TwoBrainsUITests.xctest; sourceTree = BUILT_PRODUCTS_DIR; };
/* End PBXFileReference section */

/* Begin PBXFileSystemSynchronizedRootGroup section */
		B0DE3DED2D04E73600B6E6B3 /* TwoBrains */ = {
			isa = PBXFileSystemSynchronizedRootGroup;
			path = TwoBrains;
			sourceTree = "<group>";
		};
		B0DE3E072D04E73700B6E6B3 /* TwoBrainsTests */ = {
			isa = PBXFileSystemSynchronizedRootGroup;
			path = TwoBrainsTests;
			sourceTree = "<group>";
		};
		B0DE3E112D04E73800B6E6B3 /* TwoBrainsUITests */ = {
			isa = PBXFileSystemSynchronizedRootGroup;
			path = TwoBrainsUITests;
			sourceTree = "<group>";
		};
/* End PBXFileSystemSynchronizedRootGroup section */

/* Begin PBXFrameworksBuildPhase section */
		B0DE3DE82D04E73600B6E6B3 /* Frameworks */ = {
			isa = PBXFrameworksBuildPhase;
			buildActionMask = 2147483647;
			files = (
			);
			runOnlyForDeploymentPostprocessing = 0;
		};
		B0DE3E012D04E73700B6E6B3 /* Frameworks */ = {
			isa = PBXFrameworksBuildPhase;
			buildActionMask = 2147483647;
			files = (
			);
			runOnlyForDeploymentPostprocessing = 0;
		};
		B0DE3E0B2D04E73700B6E6B3 /* Frameworks */ = {
			isa = PBXFrameworksBuildPhase;
			buildActionMask = 2147483647;
			files = (
			);
			runOnlyForDeploymentPostprocessing = 0;
		};
/* End PBXFrameworksBuildPhase section */

/* Begin PBXGroup section */
		B0DE3DE22D04E73600B6E6B3 = {
			isa = PBXGroup;
			children = (
				B0DE3DED2D04E73600B6E6B3 /* TwoBrains */,
				B0DE3E072D04E73700B6E6B3 /* TwoBrainsTests */,
				B0DE3E112D04E73800B6E6B3 /* TwoBrainsUITests */,
				B0DE3DEC2D04E73600B6E6B3 /* Products */,
			);
			sourceTree = "<group>";
		};
		B0DE3DEC2D04E73600B6E6B3 /* Products */ = {
			isa = PBXGroup;
			children = (
				B0DE3DEB2D04E73600B6E6B3 /* TwoBrains.app */,
				B0DE3E042D04E73700B6E6B3 /* TwoBrainsTests.xctest */,
				B0DE3E0E2D04E73700B6E6B3 /* TwoBrainsUITests.xctest */,
			);
			name = Products;
			sourceTree = "<group>";
		};
/* End PBXGroup section */

/* Begin PBXNativeTarget section */
		B0DE3DEA2D04E73600B6E6B3 /* TwoBrains */ = {
			isa = PBXNativeTarget;
			buildConfigurationList = B0DE3E182D04E73800B6E6B3 /* Build configuration list for PBXNativeTarget "TwoBrains" */;
			buildPhases = (
				B0DE3DE72D04E73600B6E6B3 /* Sources */,
				B0DE3DE82D04E73600B6E6B3 /* Frameworks */,
				B0DE3DE92D04E73600B6E6B3 /* Resources */,
			);
			buildRules = (
			);
			dependencies = (
			);
			fileSystemSynchronizedGroups = (
				B0DE3DED2D04E73600B6E6B3 /* TwoBrains */,
			);
			name = TwoBrains;
			packageProductDependencies = (
			);
			productName = TwoBrains;
			productReference = B0DE3DEB2D04E73600B6E6B3 /* TwoBrains.app */;
			productType = "com.apple.product-type.application";
		};
		B0DE3E032D04E73700B6E6B3 /* TwoBrainsTests */ = {
			isa = PBXNativeTarget;
			buildConfigurationList = B0DE3E1B2D04E73800B6E6B3 /* Build configuration list for PBXNativeTarget "TwoBrainsTests" */;
			buildPhases = (
				B0DE3E002D04E73700B6E6B3 /* Sources */,
				B0DE3E012D04E73700B6E6B3 /* Frameworks */,
				B0DE3E022D04E73700B6E6B3 /* Resources */,
			);
			buildRules = (
			);
			dependencies = (
				B0DE3E062D04E73700B6E6B3 /* PBXTargetDependency */,
			);
			fileSystemSynchronizedGroups = (
				B0DE3E072D04E73700B6E6B3 /* TwoBrainsTests */,
			);
			name = TwoBrainsTests;
			packageProductDependencies = (
			);
			productName = TwoBrainsTests;
			productReference = B0DE3E042D04E73700B6E6B3 /* TwoBrainsTests.xctest */;
			productType = "com.apple.product-type.bundle.unit-test";
		};
		B0DE3E0D2D04E73700B6E6B3 /* TwoBrainsUITests */ = {
			isa = PBXNativeTarget;
			buildConfigurationList = B0DE3E1E2D04E73800B6E6B3 /* Build configuration list for PBXNativeTarget "TwoBrainsUITests" */;
			buildPhases = (
				B0DE3E0A2D04E73700B6E6B3 /* Sources */,
				B0DE3E0B2D04E73700B6E6B3 /* Frameworks */,
				B0DE3E0C2D04E73700B6E6B3 /* Resources */,
			);
			buildRules = (
			);
			dependencies = (
				B0DE3E102D04E73700B6E6B3 /* PBXTargetDependency */,
			);
			fileSystemSynchronizedGroups = (
				B0DE3E112D04E73800B6E6B3 /* TwoBrainsUITests */,
			);
			name = TwoBrainsUITests;
			packageProductDependencies = (
			);
			productName = TwoBrainsUITests;
			productReference = B0DE3E0E2D04E73700B6E6B3 /* TwoBrainsUITests.xctest */;
			productType = "com.apple.product-type.bundle.ui-testing";
		};
/* End PBXNativeTarget section */

/* Begin PBXProject section */
		B0DE3DE32D04E73600B6E6B3 /* Project object */ = {
			isa = PBXProject;
			attributes = {
				BuildIndependentTargetsInParallel = 1;
				LastSwiftUpdateCheck = 1610;
				LastUpgradeCheck = 1610;
				TargetAttributes = {
					B0DE3DEA2D04E73600B6E6B3 = {
						CreatedOnToolsVersion = 16.1;
					};
					B0DE3E032D04E73700B6E6B3 = {
						CreatedOnToolsVersion = 16.1;
						TestTargetID = B0DE3DEA2D04E73600B6E6B3;
					};
					B0DE3E0D2D04E73700B6E6B3 = {
						CreatedOnToolsVersion = 16.1;
						TestTargetID = B0DE3DEA2D04E73600B6E6B3;
					};
				};
			};
			buildConfigurationList = B0DE3DE62D04E73600B6E6B3 /* Build configuration list for PBXProject "TwoBrains" */;
			developmentRegion = en;
			hasScannedForEncodings = 0;
			knownRegions = (
				en,
				Base,
			);
			mainGroup = B0DE3DE22D04E73600B6E6B3;
			minimizedProjectReferenceProxies = 1;
			preferredProjectObjectVersion = 77;
			productRefGroup = B0DE3DEC2D04E73600B6E6B3 /* Products */;
			projectDirPath = "";
			projectRoot = "";
			targets = (
				B0DE3DEA2D04E73600B6E6B3 /* TwoBrains */,
				B0DE3E032D04E73700B6E6B3 /* TwoBrainsTests */,
				B0DE3E0D2D04E73700B6E6B3 /* TwoBrainsUITests */,
			);
		};
/* End PBXProject section */

/* Begin PBXResourcesBuildPhase section */
		B0DE3DE92D04E73600B6E6B3 /* Resources */ = {
			isa = PBXResourcesBuildPhase;
			buildActionMask = 2147483647;
			files = (
			);
			runOnlyForDeploymentPostprocessing = 0;
		};
		B0DE3E022D04E73700B6E6B3 /* Resources */ = {
			isa = PBXResourcesBuildPhase;
			buildActionMask = 2147483647;
			files = (
			);
			runOnlyForDeploymentPostprocessing = 0;
		};
		B0DE3E0C2D04E73700B6E6B3 /* Resources */ = {
			isa = PBXResourcesBuildPhase;
			buildActionMask = 2147483647;
			files = (
			);
			runOnlyForDeploymentPostprocessing = 0;
		};
/* End PBXResourcesBuildPhase section */

/* Begin PBXSourcesBuildPhase section */
		B0DE3DE72D04E73600B6E6B3 /* Sources */ = {
			isa = PBXSourcesBuildPhase;
			buildActionMask = 2147483647;
			files = (
			);
			runOnlyForDeploymentPostprocessing = 0;
		};
		B0DE3E002D04E73700B6E6B3 /* Sources */ = {
			isa = PBXSourcesBuildPhase;
			buildActionMask = 2147483647;
			files = (
			);
			runOnlyForDeploymentPostprocessing = 0;
		};
		B0DE3E0A2D04E73700B6E6B3 /* Sources */ = {
			isa = PBXSourcesBuildPhase;
			buildActionMask = 2147483647;
			files = (
			);
			runOnlyForDeploymentPostprocessing = 0;
		};
/* End PBXSourcesBuildPhase section */

/* Begin PBXTargetDependency section */
		B0DE3E062D04E73700B6E6B3 /* PBXTargetDependency */ = {
			isa = PBXTargetDependency;
			target = B0DE3DEA2D04E73600B6E6B3 /* TwoBrains */;
			targetProxy = B0DE3E052D04E73700B6E6B3 /* PBXContainerItemProxy */;
		};
		B0DE3E102D04E73700B6E6B3 /* PBXTargetDependency */ = {
			isa = PBXTargetDependency;
			target = B0DE3DEA2D04E73600B6E6B3 /* TwoBrains */;
			targetProxy = B0DE3E0F2D04E73700B6E6B3 /* PBXContainerItemProxy */;
		};
/* End PBXTargetDependency section */

/* Begin XCBuildConfiguration section */
		B0DE3E162D04E73800B6E6B3 /* Debug */ = {
			isa = XCBuildConfiguration;
			buildSettings = {
				ALWAYS_SEARCH_USER_PATHS = NO;
				ASSETCATALOG_COMPILER_GENERATE_SWIFT_ASSET_SYMBOL_EXTENSIONS = YES;
				CLANG_ANALYZER_NONNULL = YES;
				CLANG_ANALYZER_NUMBER_OBJECT_CONVERSION = YES_AGGRESSIVE;
				CLANG_CXX_LANGUAGE_STANDARD = "gnu++20";
				CLANG_ENABLE_MODULES = YES;
				CLANG_ENABLE_OBJC_ARC = YES;
				CLANG_ENABLE_OBJC_WEAK = YES;
				CLANG_WARN_BLOCK_CAPTURE_AUTORELEASING = YES;
				CLANG_WARN_BOOL_CONVERSION = YES;
				CLANG_WARN_COMMA = YES;
				CLANG_WARN_CONSTANT_CONVERSION = YES;
				CLANG_WARN_DEPRECATED_OBJC_IMPLEMENTATIONS = YES;
				CLANG_WARN_DIRECT_OBJC_ISA_USAGE = YES_ERROR;
				CLANG_WARN_DOCUMENTATION_COMMENTS = YES;
				CLANG_WARN_EMPTY_BODY = YES;
				CLANG_WARN_ENUM_CONVERSION = YES;
				CLANG_WARN_INFINITE_RECURSION = YES;
				CLANG_WARN_INT_CONVERSION = YES;
				CLANG_WARN_NON_LITERAL_NULL_CONVERSION = YES;
				CLANG_WARN_OBJC_IMPLICIT_RETAIN_SELF = YES;
				CLANG_WARN_OBJC_LITERAL_CONVERSION = YES;
				CLANG_WARN_OBJC_ROOT_CLASS = YES_ERROR;
				CLANG_WARN_QUOTED_INCLUDE_IN_FRAMEWORK_HEADER = YES;
				CLANG_WARN_RANGE_LOOP_ANALYSIS = YES;
				CLANG_WARN_STRICT_PROTOTYPES = YES;
				CLANG_WARN_SUSPICIOUS_MOVE = YES;
				CLANG_WARN_UNGUARDED_AVAILABILITY = YES_AGGRESSIVE;
				CLANG_WARN_UNREACHABLE_CODE = YES;
				CLANG_WARN__DUPLICATE_METHOD_MATCH = YES;
				COPY_PHASE_STRIP = NO;
				DEBUG_INFORMATION_FORMAT = dwarf;
				ENABLE_STRICT_OBJC_MSGSEND = YES;
				ENABLE_TESTABILITY = YES;
				ENABLE_USER_SCRIPT_SANDBOXING = YES;
				GCC_C_LANGUAGE_STANDARD = gnu17;
				GCC_DYNAMIC_NO_PIC = NO;
				GCC_NO_COMMON_BLOCKS = YES;
				GCC_OPTIMIZATION_LEVEL = 0;
				GCC_PREPROCESSOR_DEFINITIONS = (
					"DEBUG=1",
					"$(inherited)",
				);
				GCC_WARN_64_TO_32_BIT_CONVERSION = YES;
				GCC_WARN_ABOUT_RETURN_TYPE = YES_ERROR;
				GCC_WARN_UNDECLARED_SELECTOR = YES;
				GCC_WARN_UNINITIALIZED_AUTOS = YES_AGGRESSIVE;
				GCC_WARN_UNUSED_FUNCTION = YES;
				GCC_WARN_UNUSED_VARIABLE = YES;
				LOCALIZATION_PREFERS_STRING_CATALOGS = YES;
				MTL_ENABLE_DEBUG_INFO = INCLUDE_SOURCE;
				MTL_FAST_MATH = YES;
				ONLY_ACTIVE_ARCH = YES;
				SDKROOT = appletvos;
				SWIFT_ACTIVE_COMPILATION_CONDITIONS = "DEBUG $(inherited)";
				SWIFT_OPTIMIZATION_LEVEL = "-Onone";
				TVOS_DEPLOYMENT_TARGET = 18.1;
			};
			name = Debug;
		};
		B0DE3E172D04E73800B6E6B3 /* Release */ = {
			isa = XCBuildConfiguration;
			buildSettings = {
				ALWAYS_SEARCH_USER_PATHS = NO;
				ASSETCATALOG_COMPILER_GENERATE_SWIFT_ASSET_SYMBOL_EXTENSIONS = YES;
				CLANG_ANALYZER_NONNULL = YES;
				CLANG_ANALYZER_NUMBER_OBJECT_CONVERSION = YES_AGGRESSIVE;
				CLANG_CXX_LANGUAGE_STANDARD = "gnu++20";
				CLANG_ENABLE_MODULES = YES;
				CLANG_ENABLE_OBJC_ARC = YES;
				CLANG_ENABLE_OBJC_WEAK = YES;
				CLANG_WARN_BLOCK_CAPTURE_AUTORELEASING = YES;
				CLANG_WARN_BOOL_CONVERSION = YES;
				CLANG_WARN_COMMA = YES;
				CLANG_WARN_CONSTANT_CONVERSION = YES;
				CLANG_WARN_DEPRECATED_OBJC_IMPLEMENTATIONS = YES;
				CLANG_WARN_DIRECT_OBJC_ISA_USAGE = YES_ERROR;
				CLANG_WARN_DOCUMENTATION_COMMENTS = YES;
				CLANG_WARN_EMPTY_BODY = YES;
				CLANG_WARN_ENUM_CONVERSION = YES;
				CLANG_WARN_INFINITE_RECURSION = YES;
				CLANG_WARN_INT_CONVERSION = YES;
				CLANG_WARN_NON_LITERAL_NULL_CONVERSION = YES;
				CLANG_WARN_OBJC_IMPLICIT_RETAIN_SELF = YES;
				CLANG_WARN_OBJC_LITERAL_CONVERSION = YES;
				CLANG_WARN_OBJC_ROOT_CLASS = YES_ERROR;
				CLANG_WARN_QUOTED_INCLUDE_IN_FRAMEWORK_HEADER = YES;
				CLANG_WARN_RANGE_LOOP_ANALYSIS = YES;
				CLANG_WARN_STRICT_PROTOTYPES = YES;
				CLANG_WARN_SUSPICIOUS_MOVE = YES;
				CLANG_WARN_UNGUARDED_AVAILABILITY = YES_AGGRESSIVE;
				CLANG_WARN_UNREACHABLE_CODE = YES;
				CLANG_WARN__DUPLICATE_METHOD_MATCH = YES;
				COPY_PHASE_STRIP = NO;
				DEBUG_INFORMATION_FORMAT = "dwarf-with-dsym";
				ENABLE_NS_ASSERTIONS = NO;
				ENABLE_STRICT_OBJC_MSGSEND = YES;
				ENABLE_USER_SCRIPT_SANDBOXING = YES;
				GCC_C_LANGUAGE_STANDARD = gnu17;
				GCC_NO_COMMON_BLOCKS = YES;
				GCC_WARN_64_TO_32_BIT_CONVERSION = YES;
				GCC_WARN_ABOUT_RETURN_TYPE = YES_ERROR;
				GCC_WARN_UNDECLARED_SELECTOR = YES;
				GCC_WARN_UNINITIALIZED_AUTOS = YES_AGGRESSIVE;
				GCC_WARN_UNUSED_FUNCTION = YES;
				GCC_WARN_UNUSED_VARIABLE = YES;
				LOCALIZATION_PREFERS_STRING_CATALOGS = YES;
				MTL_ENABLE_DEBUG_INFO = NO;
				MTL_FAST_MATH = YES;
				SDKROOT = appletvos;
				SWIFT_COMPILATION_MODE = wholemodule;
				TVOS_DEPLOYMENT_TARGET = 18.1;
				VALIDATE_PRODUCT = YES;
			};
			name = Release;
		};
		B0DE3E192D04E73800B6E6B3 /* Debug */ = {
			isa = XCBuildConfiguration;
			buildSettings = {
				ASSETCATALOG_COMPILER_APPICON_NAME = "App Icon & Top Shelf Image";
				ASSETCATALOG_COMPILER_GLOBAL_ACCENT_COLOR_NAME = AccentColor;
				CODE_SIGN_STYLE = Automatic;
				CURRENT_PROJECT_VERSION = 1;
				DEVELOPMENT_TEAM = 9YP4SSJBR5;
				GENERATE_INFOPLIST_FILE = YES;
				INFOPLIST_KEY_LSApplicationCategoryType = "public.app-category.arcade-games";
				INFOPLIST_KEY_UILaunchStoryboardName = LaunchScreen;
				INFOPLIST_KEY_UIMainStoryboardFile = Main;
				INFOPLIST_KEY_UIUserInterfaceStyle = Automatic;
				LD_RUNPATH_SEARCH_PATHS = (
					"$(inherited)",
					"@executable_path/Frameworks",
				);
				MARKETING_VERSION = 1.0;
				PRODUCT_BUNDLE_IDENTIFIER = us.homerlabs.TwoBrains;
				PRODUCT_NAME = "$(TARGET_NAME)";
				SWIFT_EMIT_LOC_STRINGS = YES;
				SWIFT_VERSION = 5.0;
				TARGETED_DEVICE_FAMILY = 3;
			};
			name = Debug;
		};
		B0DE3E1A2D04E73800B6E6B3 /* Release */ = {
			isa = XCBuildConfiguration;
			buildSettings = {
				ASSETCATALOG_COMPILER_APPICON_NAME = "App Icon & Top Shelf Image";
				ASSETCATALOG_COMPILER_GLOBAL_ACCENT_COLOR_NAME = AccentColor;
				CODE_SIGN_STYLE = Automatic;
				CURRENT_PROJECT_VERSION = 1;
				DEVELOPMENT_TEAM = 9YP4SSJBR5;
				GENERATE_INFOPLIST_FILE = YES;
				INFOPLIST_KEY_LSApplicationCategoryType = "public.app-category.arcade-games";
				INFOPLIST_KEY_UILaunchStoryboardName = LaunchScreen;
				INFOPLIST_KEY_UIMainStoryboardFile = Main;
				INFOPLIST_KEY_UIUserInterfaceStyle = Automatic;
				LD_RUNPATH_SEARCH_PATHS = (
					"$(inherited)",
					"@executable_path/Frameworks",
				);
				MARKETING_VERSION = 1.0;
				PRODUCT_BUNDLE_IDENTIFIER = us.homerlabs.TwoBrains;
				PRODUCT_NAME = "$(TARGET_NAME)";
				SWIFT_EMIT_LOC_STRINGS = YES;
				SWIFT_VERSION = 5.0;
				TARGETED_DEVICE_FAMILY = 3;
			};
			name = Release;
		};
		B0DE3E1C2D04E73800B6E6B3 /* Debug */ = {
			isa = XCBuildConfiguration;
			buildSettings = {
				BUNDLE_LOADER = "$(TEST_HOST)";
				CODE_SIGN_STYLE = Automatic;
				CURRENT_PROJECT_VERSION = 1;
				DEVELOPMENT_TEAM = 9YP4SSJBR5;
				GENERATE_INFOPLIST_FILE = YES;
				MARKETING_VERSION = 1.0;
				PRODUCT_BUNDLE_IDENTIFIER = us.homerlabs.TwoBrainsTests;
				PRODUCT_NAME = "$(TARGET_NAME)";
				SWIFT_EMIT_LOC_STRINGS = NO;
				SWIFT_VERSION = 5.0;
				TARGETED_DEVICE_FAMILY = 3;
				TEST_HOST = "$(BUILT_PRODUCTS_DIR)/TwoBrains.app/$(BUNDLE_EXECUTABLE_FOLDER_PATH)/TwoBrains";
				TVOS_DEPLOYMENT_TARGET = 18.1;
			};
			name = Debug;
		};
		B0DE3E1D2D04E73800B6E6B3 /* Release */ = {
			isa = XCBuildConfiguration;
			buildSettings = {
				BUNDLE_LOADER = "$(TEST_HOST)";
				CODE_SIGN_STYLE = Automatic;
				CURRENT_PROJECT_VERSION = 1;
				DEVELOPMENT_TEAM = 9YP4SSJBR5;
				GENERATE_INFOPLIST_FILE = YES;
				MARKETING_VERSION = 1.0;
				PRODUCT_BUNDLE_IDENTIFIER = us.homerlabs.TwoBrainsTests;
				PRODUCT_NAME = "$(TARGET_NAME)";
				SWIFT_EMIT_LOC_STRINGS = NO;
				SWIFT_VERSION = 5.0;
				TARGETED_DEVICE_FAMILY = 3;
				TEST_HOST = "$(BUILT_PRODUCTS_DIR)/TwoBrains.app/$(BUNDLE_EXECUTABLE_FOLDER_PATH)/TwoBrains";
				TVOS_DEPLOYMENT_TARGET = 18.1;
			};
			name = Release;
		};
		B0DE3E1F2D04E73800B6E6B3 /* Debug */ = {
			isa = XCBuildConfiguration;
			buildSettings = {
				CODE_SIGN_STYLE = Automatic;
				CURRENT_PROJECT_VERSION = 1;
				DEVELOPMENT_TEAM = 9YP4SSJBR5;
				GENERATE_INFOPLIST_FILE = YES;
				MARKETING_VERSION = 1.0;
				PRODUCT_BUNDLE_IDENTIFIER = us.homerlabs.TwoBrainsUITests;
				PRODUCT_NAME = "$(TARGET_NAME)";
				SWIFT_EMIT_LOC_STRINGS = NO;
				SWIFT_VERSION = 5.0;
				TARGETED_DEVICE_FAMILY = 3;
				TEST_TARGET_NAME = TwoBrains;
			};
			name = Debug;
		};
		B0DE3E202D04E73800B6E6B3 /* Release */ = {
			isa = XCBuildConfiguration;
			buildSettings = {
				CODE_SIGN_STYLE = Automatic;
				CURRENT_PROJECT_VERSION = 1;
				DEVELOPMENT_TEAM = 9YP4SSJBR5;
				GENERATE_INFOPLIST_FILE = YES;
				MARKETING_VERSION = 1.0;
				PRODUCT_BUNDLE_IDENTIFIER = us.homerlabs.TwoBrainsUITests;
				PRODUCT_NAME = "$(TARGET_NAME)";
				SWIFT_EMIT_LOC_STRINGS = NO;
				SWIFT_VERSION = 5.0;
				TARGETED_DEVICE_FAMILY = 3;
				TEST_TARGET_NAME = TwoBrains;
			};
			name = Release;
		};
/* End XCBuildConfiguration section */

/* Begin XCConfigurationList section */
		B0DE3DE62D04E73600B6E6B3 /* Build configuration list for PBXProject "TwoBrains" */ = {
			isa = XCConfigurationList;
			buildConfigurations = (
				B0DE3E162D04E73800B6E6B3 /* Debug */,
				B0DE3E172D04E73800B6E6B3 /* Release */,
			);
			defaultConfigurationIsVisible = 0;
			defaultConfigurationName = Release;
		};
		B0DE3E182D04E73800B6E6B3 /* Build configuration list for PBXNativeTarget "TwoBrains" */ = {
			isa = XCConfigurationList;
			buildConfigurations = (
				B0DE3E192D04E73800B6E6B3 /* Debug */,
				B0DE3E1A2D04E73800B6E6B3 /* Release */,
			);
			defaultConfigurationIsVisible = 0;
			defaultConfigurationName = Release;
		};
		B0DE3E1B2D04E73800B6E6B3 /* Build configuration list for PBXNativeTarget "TwoBrainsTests" */ = {
			isa = XCConfigurationList;
			buildConfigurations = (
				B0DE3E1C2D04E73800B6E6B3 /* Debug */,
				B0DE3E1D2D04E73800B6E6B3 /* Release */,
			);
			defaultConfigurationIsVisible = 0;
			defaultConfigurationName = Release;
		};
		B0DE3E1E2D04E73800B6E6B3 /* Build configuration list for PBXNativeTarget "TwoBrainsUITests" */ = {
			isa = XCConfigurationList;
			buildConfigurations = (
				B0DE3E1F2D04E73800B6E6B3 /* Debug */,
				B0DE3E202D04E73800B6E6B3 /* Release */,
			);
			defaultConfigurationIsVisible = 0;
			defaultConfigurationName = Release;
		};
/* End XCConfigurationList section */
	};
	rootObject = B0DE3DE32D04E73600B6E6B3 /* Project object */;
}
