// !$*UTF8*$!
{
	archiveVersion = 1;
	classes = {
	};
	objectVersion = 46;
	objects = {

/* Begin PBXBuildFile section */
		B08742951F9FB27200958468 /* HLPrimes.txt in Resources */ = {isa = PBXBuildFile; fileRef = B08742941F9FB27200958468 /* HLPrimes.txt */; };
		B089FDF71FB1FBF1006D45DA /* String+Extension.swift in Sources */ = {isa = PBXBuildFile; fileRef = B089FDF61FB1FBF1006D45DA /* String+Extension.swift */; };
		B09FBB1D1EDB17FC00564DDB /* AppDelegate.swift in Sources */ = {isa = PBXBuildFile; fileRef = B09FBB1C1EDB17FC00564DDB /* AppDelegate.swift */; };
		B09FBB1F1EDB17FC00564DDB /* ViewController.swift in Sources */ = {isa = PBXBuildFile; fileRef = B09FBB1E1EDB17FC00564DDB /* ViewController.swift */; };
		B09FBB211EDB17FC00564DDB /* Assets.xcassets in Resources */ = {isa = PBXBuildFile; fileRef = B09FBB201EDB17FC00564DDB /* Assets.xcassets */; };
		B09FBB241EDB17FC00564DDB /* Main.storyboard in Resources */ = {isa = PBXBuildFile; fileRef = B09FBB221EDB17FC00564DDB /* Main.storyboard */; };
		B09FBB2F1EDB17FC00564DDB /* HLPrimesTests.swift in Sources */ = {isa = PBXBuildFile; fileRef = B09FBB2E1EDB17FC00564DDB /* HLPrimesTests.swift */; };
		B0CDC68E1F9940AD00FEFA09 /* HLPrime.swift in Sources */ = {isa = PBXBuildFile; fileRef = B0CDC68D1F9940AD00FEFA09 /* HLPrime.swift */; };
		B0EF7B261FA8DA4A000AC3A3 /* HLFileManager.m in Sources */ = {isa = PBXBuildFile; fileRef = B0EF7B241FA8DA4A000AC3A3 /* HLFileManager.m */; };
/* End PBXBuildFile section */

/* Begin PBXContainerItemProxy section */
		B09FBB2B1EDB17FC00564DDB /* PBXContainerItemProxy */ = {
			isa = PBXContainerItemProxy;
			containerPortal = B09FBB111EDB17FC00564DDB /* Project object */;
			proxyType = 1;
			remoteGlobalIDString = B09FBB181EDB17FC00564DDB;
			remoteInfo = HLPrimes;
		};
/* End PBXContainerItemProxy section */

/* Begin PBXFileReference section */
		B08742941F9FB27200958468 /* HLPrimes.txt */ = {isa = PBXFileReference; fileEncoding = 4; lastKnownFileType = text; path = HLPrimes.txt; sourceTree = "<group>"; };
		B089FDF61FB1FBF1006D45DA /* String+Extension.swift */ = {isa = PBXFileReference; fileEncoding = 4; lastKnownFileType = sourcecode.swift; path = "String+Extension.swift"; sourceTree = "<group>"; };
		B09FBB191EDB17FC00564DDB /* HLPrimes.app */ = {isa = PBXFileReference; explicitFileType = wrapper.application; includeInIndex = 0; path = HLPrimes.app; sourceTree = BUILT_PRODUCTS_DIR; };
		B09FBB1C1EDB17FC00564DDB /* AppDelegate.swift */ = {isa = PBXFileReference; lastKnownFileType = sourcecode.swift; path = AppDelegate.swift; sourceTree = "<group>"; };
		B09FBB1E1EDB17FC00564DDB /* ViewController.swift */ = {isa = PBXFileReference; lastKnownFileType = sourcecode.swift; path = ViewController.swift; sourceTree = "<group>"; };
		B09FBB201EDB17FC00564DDB /* Assets.xcassets */ = {isa = PBXFileReference; lastKnownFileType = folder.assetcatalog; path = Assets.xcassets; sourceTree = "<group>"; };
		B09FBB231EDB17FC00564DDB /* Base */ = {isa = PBXFileReference; lastKnownFileType = file.storyboard; name = Base; path = Base.lproj/Main.storyboard; sourceTree = "<group>"; };
		B09FBB251EDB17FC00564DDB /* Info.plist */ = {isa = PBXFileReference; lastKnownFileType = text.plist.xml; path = Info.plist; sourceTree = "<group>"; };
		B09FBB2A1EDB17FC00564DDB /* HLPrimesTests.xctest */ = {isa = PBXFileReference; explicitFileType = wrapper.cfbundle; includeInIndex = 0; path = HLPrimesTests.xctest; sourceTree = BUILT_PRODUCTS_DIR; };
		B09FBB2E1EDB17FC00564DDB /* HLPrimesTests.swift */ = {isa = PBXFileReference; lastKnownFileType = sourcecode.swift; path = HLPrimesTests.swift; sourceTree = "<group>"; };
		B09FBB301EDB17FC00564DDB /* Info.plist */ = {isa = PBXFileReference; lastKnownFileType = text.plist.xml; path = Info.plist; sourceTree = "<group>"; };
		B0CDC68D1F9940AD00FEFA09 /* HLPrime.swift */ = {isa = PBXFileReference; fileEncoding = 4; lastKnownFileType = sourcecode.swift; path = HLPrime.swift; sourceTree = "<group>"; };
		B0EF7B241FA8DA4A000AC3A3 /* HLFileManager.m */ = {isa = PBXFileReference; fileEncoding = 4; lastKnownFileType = sourcecode.c.objc; path = HLFileManager.m; sourceTree = "<group>"; };
		B0EF7B251FA8DA4A000AC3A3 /* HLFileManager.h */ = {isa = PBXFileReference; fileEncoding = 4; lastKnownFileType = sourcecode.c.h; path = HLFileManager.h; sourceTree = "<group>"; };
		B0EF7B271FA8DAA9000AC3A3 /* HLPrimes-Bridging-Header.h */ = {isa = PBXFileReference; fileEncoding = 4; lastKnownFileType = sourcecode.c.h; path = "HLPrimes-Bridging-Header.h"; sourceTree = "<group>"; };
/* End PBXFileReference section */

/* Begin PBXFrameworksBuildPhase section */
		B09FBB161EDB17FC00564DDB /* Frameworks */ = {
			isa = PBXFrameworksBuildPhase;
			buildActionMask = 2147483647;
			files = (
			);
			runOnlyForDeploymentPostprocessing = 0;
		};
		B09FBB271EDB17FC00564DDB /* Frameworks */ = {
			isa = PBXFrameworksBuildPhase;
			buildActionMask = 2147483647;
			files = (
			);
			runOnlyForDeploymentPostprocessing = 0;
		};
/* End PBXFrameworksBuildPhase section */

/* Begin PBXGroup section */
		B09FBB101EDB17FC00564DDB = {
			isa = PBXGroup;
			children = (
				B0CDC68C1F9940AD00FEFA09 /* Common */,
				B09FBB1B1EDB17FC00564DDB /* HLPrimes */,
				B09FBB2D1EDB17FC00564DDB /* HLPrimesTests */,
				B09FBB1A1EDB17FC00564DDB /* Products */,
			);
			sourceTree = "<group>";
		};
		B09FBB1A1EDB17FC00564DDB /* Products */ = {
			isa = PBXGroup;
			children = (
				B09FBB191EDB17FC00564DDB /* HLPrimes.app */,
				B09FBB2A1EDB17FC00564DDB /* HLPrimesTests.xctest */,
			);
			name = Products;
			sourceTree = "<group>";
		};
		B09FBB1B1EDB17FC00564DDB /* HLPrimes */ = {
			isa = PBXGroup;
			children = (
				B0EF7B271FA8DAA9000AC3A3 /* HLPrimes-Bridging-Header.h */,
				B09FBB221EDB17FC00564DDB /* Main.storyboard */,
				B09FBB1E1EDB17FC00564DDB /* ViewController.swift */,
				B09FBB1C1EDB17FC00564DDB /* AppDelegate.swift */,
				B09FBB201EDB17FC00564DDB /* Assets.xcassets */,
				B09FBB251EDB17FC00564DDB /* Info.plist */,
			);
			path = HLPrimes;
			sourceTree = "<group>";
		};
		B09FBB2D1EDB17FC00564DDB /* HLPrimesTests */ = {
			isa = PBXGroup;
			children = (
				B09FBB2E1EDB17FC00564DDB /* HLPrimesTests.swift */,
				B09FBB301EDB17FC00564DDB /* Info.plist */,
			);
			path = HLPrimesTests;
			sourceTree = "<group>";
		};
		B0CDC68C1F9940AD00FEFA09 /* Common */ = {
			isa = PBXGroup;
			children = (
				B0EF7B251FA8DA4A000AC3A3 /* HLFileManager.h */,
				B0EF7B241FA8DA4A000AC3A3 /* HLFileManager.m */,
				B08742941F9FB27200958468 /* HLPrimes.txt */,
				B0CDC68D1F9940AD00FEFA09 /* HLPrime.swift */,
				B089FDF61FB1FBF1006D45DA /* String+Extension.swift */,
			);
			name = Common;
			path = ../Common;
			sourceTree = "<group>";
		};
/* End PBXGroup section */

/* Begin PBXNativeTarget section */
		B09FBB181EDB17FC00564DDB /* HLPrimes */ = {
			isa = PBXNativeTarget;
			buildConfigurationList = B09FBB331EDB17FC00564DDB /* Build configuration list for PBXNativeTarget "HLPrimes" */;
			buildPhases = (
				B09FBB151EDB17FC00564DDB /* Sources */,
				B09FBB161EDB17FC00564DDB /* Frameworks */,
				B09FBB171EDB17FC00564DDB /* Resources */,
			);
			buildRules = (
			);
			dependencies = (
			);
			name = HLPrimes;
			productName = HLPrimes;
			productReference = B09FBB191EDB17FC00564DDB /* HLPrimes.app */;
			productType = "com.apple.product-type.application";
		};
		B09FBB291EDB17FC00564DDB /* HLPrimesTests */ = {
			isa = PBXNativeTarget;
			buildConfigurationList = B09FBB361EDB17FC00564DDB /* Build configuration list for PBXNativeTarget "HLPrimesTests" */;
			buildPhases = (
				B09FBB261EDB17FC00564DDB /* Sources */,
				B09FBB271EDB17FC00564DDB /* Frameworks */,
				B09FBB281EDB17FC00564DDB /* Resources */,
			);
			buildRules = (
			);
			dependencies = (
				B09FBB2C1EDB17FC00564DDB /* PBXTargetDependency */,
			);
			name = HLPrimesTests;
			productName = HLPrimesTests;
			productReference = B09FBB2A1EDB17FC00564DDB /* HLPrimesTests.xctest */;
			productType = "com.apple.product-type.bundle.unit-test";
		};
/* End PBXNativeTarget section */

/* Begin PBXProject section */
		B09FBB111EDB17FC00564DDB /* Project object */ = {
			isa = PBXProject;
			attributes = {
				LastSwiftUpdateCheck = 0830;
				LastUpgradeCheck = 0900;
				ORGANIZATIONNAME = HomerLabs;
				TargetAttributes = {
					B09FBB181EDB17FC00564DDB = {
						CreatedOnToolsVersion = 8.3.2;
						DevelopmentTeam = 9YP4SSJBR5;
						LastSwiftMigration = 0900;
						ProvisioningStyle = Automatic;
					};
					B09FBB291EDB17FC00564DDB = {
						CreatedOnToolsVersion = 8.3.2;
						DevelopmentTeam = 9YP4SSJBR5;
						LastSwiftMigration = 0900;
						ProvisioningStyle = Automatic;
						TestTargetID = B09FBB181EDB17FC00564DDB;
					};
				};
			};
			buildConfigurationList = B09FBB141EDB17FC00564DDB /* Build configuration list for PBXProject "HLPrimes" */;
			compatibilityVersion = "Xcode 3.2";
			developmentRegion = English;
			hasScannedForEncodings = 0;
			knownRegions = (
				en,
				Base,
			);
			mainGroup = B09FBB101EDB17FC00564DDB;
			productRefGroup = B09FBB1A1EDB17FC00564DDB /* Products */;
			projectDirPath = "";
			projectRoot = "";
			targets = (
				B09FBB181EDB17FC00564DDB /* HLPrimes */,
				B09FBB291EDB17FC00564DDB /* HLPrimesTests */,
			);
		};
/* End PBXProject section */

/* Begin PBXResourcesBuildPhase section */
		B09FBB171EDB17FC00564DDB /* Resources */ = {
			isa = PBXResourcesBuildPhase;
			buildActionMask = 2147483647;
			files = (
				B09FBB211EDB17FC00564DDB /* Assets.xcassets in Resources */,
				B08742951F9FB27200958468 /* HLPrimes.txt in Resources */,
				B09FBB241EDB17FC00564DDB /* Main.storyboard in Resources */,
			);
			runOnlyForDeploymentPostprocessing = 0;
		};
		B09FBB281EDB17FC00564DDB /* Resources */ = {
			isa = PBXResourcesBuildPhase;
			buildActionMask = 2147483647;
			files = (
			);
			runOnlyForDeploymentPostprocessing = 0;
		};
/* End PBXResourcesBuildPhase section */

/* Begin PBXSourcesBuildPhase section */
		B09FBB151EDB17FC00564DDB /* Sources */ = {
			isa = PBXSourcesBuildPhase;
			buildActionMask = 2147483647;
			files = (
				B09FBB1F1EDB17FC00564DDB /* ViewController.swift in Sources */,
				B0EF7B261FA8DA4A000AC3A3 /* HLFileManager.m in Sources */,
				B0CDC68E1F9940AD00FEFA09 /* HLPrime.swift in Sources */,
				B089FDF71FB1FBF1006D45DA /* String+Extension.swift in Sources */,
				B09FBB1D1EDB17FC00564DDB /* AppDelegate.swift in Sources */,
			);
			runOnlyForDeploymentPostprocessing = 0;
		};
		B09FBB261EDB17FC00564DDB /* Sources */ = {
			isa = PBXSourcesBuildPhase;
			buildActionMask = 2147483647;
			files = (
				B09FBB2F1EDB17FC00564DDB /* HLPrimesTests.swift in Sources */,
			);
			runOnlyForDeploymentPostprocessing = 0;
		};
/* End PBXSourcesBuildPhase section */

/* Begin PBXTargetDependency section */
		B09FBB2C1EDB17FC00564DDB /* PBXTargetDependency */ = {
			isa = PBXTargetDependency;
			target = B09FBB181EDB17FC00564DDB /* HLPrimes */;
			targetProxy = B09FBB2B1EDB17FC00564DDB /* PBXContainerItemProxy */;
		};
/* End PBXTargetDependency section */

/* Begin PBXVariantGroup section */
		B09FBB221EDB17FC00564DDB /* Main.storyboard */ = {
			isa = PBXVariantGroup;
			children = (
				B09FBB231EDB17FC00564DDB /* Base */,
			);
			name = Main.storyboard;
			sourceTree = "<group>";
		};
/* End PBXVariantGroup section */

/* Begin XCBuildConfiguration section */
		B09FBB311EDB17FC00564DDB /* Debug */ = {
			isa = XCBuildConfiguration;
			buildSettings = {
				ALWAYS_SEARCH_USER_PATHS = NO;
				CLANG_ANALYZER_NONNULL = YES;
				CLANG_ANALYZER_NUMBER_OBJECT_CONVERSION = YES_AGGRESSIVE;
				CLANG_CXX_LANGUAGE_STANDARD = "gnu++0x";
				CLANG_CXX_LIBRARY = "libc++";
				CLANG_ENABLE_MODULES = YES;
				CLANG_ENABLE_OBJC_ARC = YES;
				CLANG_WARN_BLOCK_CAPTURE_AUTORELEASING = YES;
				CLANG_WARN_BOOL_CONVERSION = YES;
				CLANG_WARN_COMMA = YES;
				CLANG_WARN_CONSTANT_CONVERSION = YES;
				CLANG_WARN_DIRECT_OBJC_ISA_USAGE = YES_ERROR;
				CLANG_WARN_DOCUMENTATION_COMMENTS = YES;
				CLANG_WARN_EMPTY_BODY = YES;
				CLANG_WARN_ENUM_CONVERSION = YES;
				CLANG_WARN_INFINITE_RECURSION = YES;
				CLANG_WARN_INT_CONVERSION = YES;
				CLANG_WARN_NON_LITERAL_NULL_CONVERSION = YES;
				CLANG_WARN_OBJC_LITERAL_CONVERSION = YES;
				CLANG_WARN_OBJC_ROOT_CLASS = YES_ERROR;
				CLANG_WARN_RANGE_LOOP_ANALYSIS = YES;
				CLANG_WARN_STRICT_PROTOTYPES = YES;
				CLANG_WARN_SUSPICIOUS_MOVE = YES;
				CLANG_WARN_UNREACHABLE_CODE = YES;
				CLANG_WARN__DUPLICATE_METHOD_MATCH = YES;
				CODE_SIGN_IDENTITY = "-";
				COPY_PHASE_STRIP = NO;
				DEBUG_INFORMATION_FORMAT = dwarf;
				ENABLE_STRICT_OBJC_MSGSEND = YES;
				ENABLE_TESTABILITY = YES;
				GCC_C_LANGUAGE_STANDARD = gnu99;
				GCC_DYNAMIC_NO_PIC = NO;
				GCC_NO_COMMON_BLOCKS = YES;
				GCC_OPTIMIZATION_LEVEL = 0;
				GCC_PREPROCESSOR_DEFINITIONS = (
					"DEBUG=1",
					"$(inherited)",
				);
				GCC_WARN_64_TO_32_BIT_CONVERSION = YES;
				GCC_WARN_ABOUT_RETURN_TYPE = YES_ERROR;
				GCC_WARN_UNDECLARED_SELECTOR = YES;
				GCC_WARN_UNINITIALIZED_AUTOS = YES_AGGRESSIVE;
				GCC_WARN_UNUSED_FUNCTION = YES;
				GCC_WARN_UNUSED_VARIABLE = YES;
				LD_MAP_FILE_PATH = "";
				MACOSX_DEPLOYMENT_TARGET = 10.12;
				MTL_ENABLE_DEBUG_INFO = YES;
				ONLY_ACTIVE_ARCH = YES;
				SDKROOT = macosx;
				SWIFT_ACTIVE_COMPILATION_CONDITIONS = DEBUG;
				SWIFT_OPTIMIZATION_LEVEL = "-Onone";
			};
			name = Debug;
		};
		B09FBB321EDB17FC00564DDB /* Release */ = {
			isa = XCBuildConfiguration;
			buildSettings = {
				ALWAYS_SEARCH_USER_PATHS = NO;
				CLANG_ANALYZER_NONNULL = YES;
				CLANG_ANALYZER_NUMBER_OBJECT_CONVERSION = YES_AGGRESSIVE;
				CLANG_CXX_LANGUAGE_STANDARD = "gnu++0x";
				CLANG_CXX_LIBRARY = "libc++";
				CLANG_ENABLE_MODULES = YES;
				CLANG_ENABLE_OBJC_ARC = YES;
				CLANG_WARN_BLOCK_CAPTURE_AUTORELEASING = YES;
				CLANG_WARN_BOOL_CONVERSION = YES;
				CLANG_WARN_COMMA = YES;
				CLANG_WARN_CONSTANT_CONVERSION = YES;
				CLANG_WARN_DIRECT_OBJC_ISA_USAGE = YES_ERROR;
				CLANG_WARN_DOCUMENTATION_COMMENTS = YES;
				CLANG_WARN_EMPTY_BODY = YES;
				CLANG_WARN_ENUM_CONVERSION = YES;
				CLANG_WARN_INFINITE_RECURSION = YES;
				CLANG_WARN_INT_CONVERSION = YES;
				CLANG_WARN_NON_LITERAL_NULL_CONVERSION = YES;
				CLANG_WARN_OBJC_LITERAL_CONVERSION = YES;
				CLANG_WARN_OBJC_ROOT_CLASS = YES_ERROR;
				CLANG_WARN_RANGE_LOOP_ANALYSIS = YES;
				CLANG_WARN_STRICT_PROTOTYPES = YES;
				CLANG_WARN_SUSPICIOUS_MOVE = YES;
				CLANG_WARN_UNREACHABLE_CODE = YES;
				CLANG_WARN__DUPLICATE_METHOD_MATCH = YES;
				CODE_SIGN_IDENTITY = "-";
				COPY_PHASE_STRIP = NO;
				DEBUG_INFORMATION_FORMAT = "dwarf-with-dsym";
				ENABLE_NS_ASSERTIONS = NO;
				ENABLE_STRICT_OBJC_MSGSEND = YES;
				GCC_C_LANGUAGE_STANDARD = gnu99;
				GCC_NO_COMMON_BLOCKS = YES;
				GCC_WARN_64_TO_32_BIT_CONVERSION = YES;
				GCC_WARN_ABOUT_RETURN_TYPE = YES_ERROR;
				GCC_WARN_UNDECLARED_SELECTOR = YES;
				GCC_WARN_UNINITIALIZED_AUTOS = YES_AGGRESSIVE;
				GCC_WARN_UNUSED_FUNCTION = YES;
				GCC_WARN_UNUSED_VARIABLE = YES;
				LD_MAP_FILE_PATH = "";
				MACOSX_DEPLOYMENT_TARGET = 10.12;
				MTL_ENABLE_DEBUG_INFO = NO;
				SDKROOT = macosx;
				SWIFT_OPTIMIZATION_LEVEL = "-Owholemodule";
			};
			name = Release;
		};
		B09FBB341EDB17FC00564DDB /* Debug */ = {
			isa = XCBuildConfiguration;
			buildSettings = {
				ASSETCATALOG_COMPILER_APPICON_NAME = AppIcon;
				CLANG_ENABLE_MODULES = YES;
				CODE_SIGN_IDENTITY = "Mac Developer";
				COMBINE_HIDPI_IMAGES = YES;
				DEVELOPMENT_TEAM = 9YP4SSJBR5;
				INFOPLIST_FILE = HLPrimes/Info.plist;
				LD_RUNPATH_SEARCH_PATHS = "$(inherited) @executable_path/../Frameworks";
				PRODUCT_BUNDLE_IDENTIFIER = com.homerlabs.HLPrimes;
				PRODUCT_NAME = "$(TARGET_NAME)";
				PROVISIONING_PROFILE_SPECIFIER = "";
				SWIFT_OBJC_BRIDGING_HEADER = "HLPrimes/HLPrimes-Bridging-Header.h";
				SWIFT_OPTIMIZATION_LEVEL = "-Onone";
				SWIFT_SWIFT3_OBJC_INFERENCE = Default;
				SWIFT_VERSION = 4.0;
			};
			name = Debug;
		};
		B09FBB351EDB17FC00564DDB /* Release */ = {
			isa = XCBuildConfiguration;
			buildSettings = {
				ASSETCATALOG_COMPILER_APPICON_NAME = AppIcon;
				CLANG_ENABLE_MODULES = YES;
				CODE_SIGN_IDENTITY = "Mac Developer";
				COMBINE_HIDPI_IMAGES = YES;
				DEVELOPMENT_TEAM = 9YP4SSJBR5;
				INFOPLIST_FILE = HLPrimes/Info.plist;
				LD_RUNPATH_SEARCH_PATHS = "$(inherited) @executable_path/../Frameworks";
				PRODUCT_BUNDLE_IDENTIFIER = com.homerlabs.HLPrimes;
				PRODUCT_NAME = "$(TARGET_NAME)";
				PROVISIONING_PROFILE_SPECIFIER = "";
				SWIFT_OBJC_BRIDGING_HEADER = "HLPrimes/HLPrimes-Bridging-Header.h";
				SWIFT_SWIFT3_OBJC_INFERENCE = Default;
				SWIFT_VERSION = 4.0;
			};
			name = Release;
		};
		B09FBB371EDB17FC00564DDB /* Debug */ = {
			isa = XCBuildConfiguration;
			buildSettings = {
				ALWAYS_EMBED_SWIFT_STANDARD_LIBRARIES = YES;
				BUNDLE_LOADER = "$(TEST_HOST)";
				COMBINE_HIDPI_IMAGES = YES;
				DEVELOPMENT_TEAM = 9YP4SSJBR5;
				INFOPLIST_FILE = HLPrimesTests/Info.plist;
				LD_RUNPATH_SEARCH_PATHS = "$(inherited) @executable_path/../Frameworks @loader_path/../Frameworks";
				PRODUCT_BUNDLE_IDENTIFIER = com.homerlabs.HLPrimesTests;
				PRODUCT_NAME = "$(TARGET_NAME)";
				SWIFT_SWIFT3_OBJC_INFERENCE = Default;
				SWIFT_VERSION = 4.0;
				TEST_HOST = "$(BUILT_PRODUCTS_DIR)/HLPrimes.app/Contents/MacOS/HLPrimes";
			};
			name = Debug;
		};
		B09FBB381EDB17FC00564DDB /* Release */ = {
			isa = XCBuildConfiguration;
			buildSettings = {
				ALWAYS_EMBED_SWIFT_STANDARD_LIBRARIES = YES;
				BUNDLE_LOADER = "$(TEST_HOST)";
				COMBINE_HIDPI_IMAGES = YES;
				DEVELOPMENT_TEAM = 9YP4SSJBR5;
				INFOPLIST_FILE = HLPrimesTests/Info.plist;
				LD_RUNPATH_SEARCH_PATHS = "$(inherited) @executable_path/../Frameworks @loader_path/../Frameworks";
				PRODUCT_BUNDLE_IDENTIFIER = com.homerlabs.HLPrimesTests;
				PRODUCT_NAME = "$(TARGET_NAME)";
				SWIFT_SWIFT3_OBJC_INFERENCE = Default;
				SWIFT_VERSION = 4.0;
				TEST_HOST = "$(BUILT_PRODUCTS_DIR)/HLPrimes.app/Contents/MacOS/HLPrimes";
			};
			name = Release;
		};
/* End XCBuildConfiguration section */

/* Begin XCConfigurationList section */
		B09FBB141EDB17FC00564DDB /* Build configuration list for PBXProject "HLPrimes" */ = {
			isa = XCConfigurationList;
			buildConfigurations = (
				B09FBB311EDB17FC00564DDB /* Debug */,
				B09FBB321EDB17FC00564DDB /* Release */,
			);
			defaultConfigurationIsVisible = 0;
			defaultConfigurationName = Release;
		};
		B09FBB331EDB17FC00564DDB /* Build configuration list for PBXNativeTarget "HLPrimes" */ = {
			isa = XCConfigurationList;
			buildConfigurations = (
				B09FBB341EDB17FC00564DDB /* Debug */,
				B09FBB351EDB17FC00564DDB /* Release */,
			);
			defaultConfigurationIsVisible = 0;
			defaultConfigurationName = Release;
		};
		B09FBB361EDB17FC00564DDB /* Build configuration list for PBXNativeTarget "HLPrimesTests" */ = {
			isa = XCConfigurationList;
			buildConfigurations = (
				B09FBB371EDB17FC00564DDB /* Debug */,
				B09FBB381EDB17FC00564DDB /* Release */,
			);
			defaultConfigurationIsVisible = 0;
			defaultConfigurationName = Release;
		};
/* End XCConfigurationList section */
	};
	rootObject = B09FBB111EDB17FC00564DDB /* Project object */;
}
