// !$*UTF8*$!
{
	archiveVersion = 1;
	classes = {
	};
	objectVersion = 50;
	objects = {

/* Begin PBXBuildFile section */
		B030FCCA225FB43500D0C30C /* HLPlayerViewController.swift in Sources */ = {isa = PBXBuildFile; fileRef = B030FCC9225FB43500D0C30C /* HLPlayerViewController.swift */; };
		B030FCCF225FB5D500D0C30C /* WebKit.framework in Frameworks */ = {isa = PBXBuildFile; fileRef = B030FCCE225FB5D500D0C30C /* WebKit.framework */; };
		B0691CE02259559B007D5FD6 /* AppDelegate.swift in Sources */ = {isa = PBXBuildFile; fileRef = B0691CDF2259559B007D5FD6 /* AppDelegate.swift */; };
		B0691CE22259559B007D5FD6 /* ViewController.swift in Sources */ = {isa = PBXBuildFile; fileRef = B0691CE12259559B007D5FD6 /* ViewController.swift */; };
		B0691CE52259559B007D5FD6 /* Main.storyboard in Resources */ = {isa = PBXBuildFile; fileRef = B0691CE32259559B007D5FD6 /* Main.storyboard */; };
		B0691CE72259559B007D5FD6 /* Assets.xcassets in Resources */ = {isa = PBXBuildFile; fileRef = B0691CE62259559B007D5FD6 /* Assets.xcassets */; };
		B0691CEA2259559B007D5FD6 /* LaunchScreen.storyboard in Resources */ = {isa = PBXBuildFile; fileRef = B0691CE82259559B007D5FD6 /* LaunchScreen.storyboard */; };
		B07DEE83225AB199009FA935 /* HLVideoTableViewCell.swift in Sources */ = {isa = PBXBuildFile; fileRef = B07DEE81225AB199009FA935 /* HLVideoTableViewCell.swift */; };
		B07DEE84225AB199009FA935 /* HLVideoTableViewCell.xib in Resources */ = {isa = PBXBuildFile; fileRef = B07DEE82225AB199009FA935 /* HLVideoTableViewCell.xib */; };
		B0CD21F3225BDCE400DAF97D /* placeholder.jpg in Resources */ = {isa = PBXBuildFile; fileRef = B0CD21F2225BDCE400DAF97D /* placeholder.jpg */; };
		B0D4B47A2261131A005064DD /* HLVideo.swift in Sources */ = {isa = PBXBuildFile; fileRef = B0D4B4792261131A005064DD /* HLVideo.swift */; };
		B0D4B47C22611325005064DD /* HLRequestVideosCommand.swift in Sources */ = {isa = PBXBuildFile; fileRef = B0D4B47B22611325005064DD /* HLRequestVideosCommand.swift */; };
		B0F71065225C1D84006805BA /* HLDataProvider.swift in Sources */ = {isa = PBXBuildFile; fileRef = B0F71064225C1D84006805BA /* HLDataProvider.swift */; };
/* End PBXBuildFile section */

/* Begin PBXFileReference section */
		B030FCC9225FB43500D0C30C /* HLPlayerViewController.swift */ = {isa = PBXFileReference; lastKnownFileType = sourcecode.swift; path = HLPlayerViewController.swift; sourceTree = "<group>"; };
		B030FCCC225FB55200D0C30C /* AVFoundation.framework */ = {isa = PBXFileReference; lastKnownFileType = wrapper.framework; name = AVFoundation.framework; path = System/Library/Frameworks/AVFoundation.framework; sourceTree = SDKROOT; };
		B030FCCE225FB5D500D0C30C /* WebKit.framework */ = {isa = PBXFileReference; lastKnownFileType = wrapper.framework; name = WebKit.framework; path = System/Library/Frameworks/WebKit.framework; sourceTree = SDKROOT; };
		B0691CDC2259559B007D5FD6 /* MinkoPlayer.app */ = {isa = PBXFileReference; explicitFileType = wrapper.application; includeInIndex = 0; path = MinkoPlayer.app; sourceTree = BUILT_PRODUCTS_DIR; };
		B0691CDF2259559B007D5FD6 /* AppDelegate.swift */ = {isa = PBXFileReference; lastKnownFileType = sourcecode.swift; path = AppDelegate.swift; sourceTree = "<group>"; };
		B0691CE12259559B007D5FD6 /* ViewController.swift */ = {isa = PBXFileReference; lastKnownFileType = sourcecode.swift; path = ViewController.swift; sourceTree = "<group>"; };
		B0691CE42259559B007D5FD6 /* Base */ = {isa = PBXFileReference; lastKnownFileType = file.storyboard; name = Base; path = Base.lproj/Main.storyboard; sourceTree = "<group>"; };
		B0691CE62259559B007D5FD6 /* Assets.xcassets */ = {isa = PBXFileReference; lastKnownFileType = folder.assetcatalog; path = Assets.xcassets; sourceTree = "<group>"; };
		B0691CE92259559B007D5FD6 /* Base */ = {isa = PBXFileReference; lastKnownFileType = file.storyboard; name = Base; path = Base.lproj/LaunchScreen.storyboard; sourceTree = "<group>"; };
		B0691CEB2259559B007D5FD6 /* Info.plist */ = {isa = PBXFileReference; lastKnownFileType = text.plist.xml; path = Info.plist; sourceTree = "<group>"; };
		B0691CF1225955F8007D5FD6 /* MinkoPlayer.entitlements */ = {isa = PBXFileReference; lastKnownFileType = text.plist.entitlements; path = MinkoPlayer.entitlements; sourceTree = "<group>"; };
		B07DEE81225AB199009FA935 /* HLVideoTableViewCell.swift */ = {isa = PBXFileReference; lastKnownFileType = sourcecode.swift; path = HLVideoTableViewCell.swift; sourceTree = "<group>"; };
		B07DEE82225AB199009FA935 /* HLVideoTableViewCell.xib */ = {isa = PBXFileReference; lastKnownFileType = file.xib; path = HLVideoTableViewCell.xib; sourceTree = "<group>"; };
		B0CD21F2225BDCE400DAF97D /* placeholder.jpg */ = {isa = PBXFileReference; lastKnownFileType = image.jpeg; path = placeholder.jpg; sourceTree = "<group>"; };
		B0D4B4792261131A005064DD /* HLVideo.swift */ = {isa = PBXFileReference; fileEncoding = 4; lastKnownFileType = sourcecode.swift; path = HLVideo.swift; sourceTree = "<group>"; };
		B0D4B47B22611325005064DD /* HLRequestVideosCommand.swift */ = {isa = PBXFileReference; fileEncoding = 4; lastKnownFileType = sourcecode.swift; path = HLRequestVideosCommand.swift; sourceTree = "<group>"; };
		B0F71064225C1D84006805BA /* HLDataProvider.swift */ = {isa = PBXFileReference; lastKnownFileType = sourcecode.swift; path = HLDataProvider.swift; sourceTree = "<group>"; };
/* End PBXFileReference section */

/* Begin PBXFrameworksBuildPhase section */
		B0691CD92259559B007D5FD6 /* Frameworks */ = {
			isa = PBXFrameworksBuildPhase;
			buildActionMask = 2147483647;
			files = (
				B030FCCF225FB5D500D0C30C /* WebKit.framework in Frameworks */,
			);
			runOnlyForDeploymentPostprocessing = 0;
		};
/* End PBXFrameworksBuildPhase section */

/* Begin PBXGroup section */
		B030FCCB225FB55200D0C30C /* Frameworks */ = {
			isa = PBXGroup;
			children = (
				B030FCCE225FB5D500D0C30C /* WebKit.framework */,
				B030FCCC225FB55200D0C30C /* AVFoundation.framework */,
			);
			name = Frameworks;
			sourceTree = "<group>";
		};
		B0691CD32259559B007D5FD6 = {
			isa = PBXGroup;
			children = (
				B0CD21F2225BDCE400DAF97D /* placeholder.jpg */,
				B0691CDE2259559B007D5FD6 /* MinkoPlayer */,
				B0691CDD2259559B007D5FD6 /* Products */,
				B030FCCB225FB55200D0C30C /* Frameworks */,
			);
			sourceTree = "<group>";
		};
		B0691CDD2259559B007D5FD6 /* Products */ = {
			isa = PBXGroup;
			children = (
				B0691CDC2259559B007D5FD6 /* MinkoPlayer.app */,
			);
			name = Products;
			sourceTree = "<group>";
		};
		B0691CDE2259559B007D5FD6 /* MinkoPlayer */ = {
			isa = PBXGroup;
			children = (
				B0D4B47B22611325005064DD /* HLRequestVideosCommand.swift */,
				B0D4B4792261131A005064DD /* HLVideo.swift */,
				B0691CE12259559B007D5FD6 /* ViewController.swift */,
				B030FCC9225FB43500D0C30C /* HLPlayerViewController.swift */,
				B0691CE32259559B007D5FD6 /* Main.storyboard */,
				B0F71064225C1D84006805BA /* HLDataProvider.swift */,
				B07DEE81225AB199009FA935 /* HLVideoTableViewCell.swift */,
				B07DEE82225AB199009FA935 /* HLVideoTableViewCell.xib */,
				B0691CF1225955F8007D5FD6 /* MinkoPlayer.entitlements */,
				B0691CDF2259559B007D5FD6 /* AppDelegate.swift */,
				B0691CE62259559B007D5FD6 /* Assets.xcassets */,
				B0691CE82259559B007D5FD6 /* LaunchScreen.storyboard */,
				B0691CEB2259559B007D5FD6 /* Info.plist */,
			);
			path = MinkoPlayer;
			sourceTree = "<group>";
		};
/* End PBXGroup section */

/* Begin PBXNativeTarget section */
		B0691CDB2259559B007D5FD6 /* MinkoPlayer */ = {
			isa = PBXNativeTarget;
			buildConfigurationList = B0691CEE2259559B007D5FD6 /* Build configuration list for PBXNativeTarget "MinkoPlayer" */;
			buildPhases = (
				B0691CD82259559B007D5FD6 /* Sources */,
				B0691CD92259559B007D5FD6 /* Frameworks */,
				B0691CDA2259559B007D5FD6 /* Resources */,
			);
			buildRules = (
			);
			dependencies = (
			);
			name = MinkoPlayer;
			productName = MinkoPlayer;
			productReference = B0691CDC2259559B007D5FD6 /* MinkoPlayer.app */;
			productType = "com.apple.product-type.application";
		};
/* End PBXNativeTarget section */

/* Begin PBXProject section */
		B0691CD42259559B007D5FD6 /* Project object */ = {
			isa = PBXProject;
			attributes = {
				LastSwiftUpdateCheck = 1020;
				LastUpgradeCheck = 1020;
				ORGANIZATIONNAME = "Matthew Homer";
				TargetAttributes = {
					B0691CDB2259559B007D5FD6 = {
						CreatedOnToolsVersion = 10.2;
						SystemCapabilities = {
							com.apple.ApplePay = {
								enabled = 0;
							};
						};
					};
				};
			};
			buildConfigurationList = B0691CD72259559B007D5FD6 /* Build configuration list for PBXProject "MinkoPlayer" */;
			compatibilityVersion = "Xcode 9.3";
			developmentRegion = en;
			hasScannedForEncodings = 0;
			knownRegions = (
				en,
				Base,
			);
			mainGroup = B0691CD32259559B007D5FD6;
			productRefGroup = B0691CDD2259559B007D5FD6 /* Products */;
			projectDirPath = "";
			projectRoot = "";
			targets = (
				B0691CDB2259559B007D5FD6 /* MinkoPlayer */,
			);
		};
/* End PBXProject section */

/* Begin PBXResourcesBuildPhase section */
		B0691CDA2259559B007D5FD6 /* Resources */ = {
			isa = PBXResourcesBuildPhase;
			buildActionMask = 2147483647;
			files = (
				B0691CEA2259559B007D5FD6 /* LaunchScreen.storyboard in Resources */,
				B0691CE72259559B007D5FD6 /* Assets.xcassets in Resources */,
				B0691CE52259559B007D5FD6 /* Main.storyboard in Resources */,
				B0CD21F3225BDCE400DAF97D /* placeholder.jpg in Resources */,
				B07DEE84225AB199009FA935 /* HLVideoTableViewCell.xib in Resources */,
			);
			runOnlyForDeploymentPostprocessing = 0;
		};
/* End PBXResourcesBuildPhase section */

/* Begin PBXSourcesBuildPhase section */
		B0691CD82259559B007D5FD6 /* Sources */ = {
			isa = PBXSourcesBuildPhase;
			buildActionMask = 2147483647;
			files = (
				B0F71065225C1D84006805BA /* HLDataProvider.swift in Sources */,
				B0D4B47A2261131A005064DD /* HLVideo.swift in Sources */,
				B0691CE22259559B007D5FD6 /* ViewController.swift in Sources */,
				B030FCCA225FB43500D0C30C /* HLPlayerViewController.swift in Sources */,
				B07DEE83225AB199009FA935 /* HLVideoTableViewCell.swift in Sources */,
				B0691CE02259559B007D5FD6 /* AppDelegate.swift in Sources */,
				B0D4B47C22611325005064DD /* HLRequestVideosCommand.swift in Sources */,
			);
			runOnlyForDeploymentPostprocessing = 0;
		};
/* End PBXSourcesBuildPhase section */

/* Begin PBXVariantGroup section */
		B0691CE32259559B007D5FD6 /* Main.storyboard */ = {
			isa = PBXVariantGroup;
			children = (
				B0691CE42259559B007D5FD6 /* Base */,
			);
			name = Main.storyboard;
			sourceTree = "<group>";
		};
		B0691CE82259559B007D5FD6 /* LaunchScreen.storyboard */ = {
			isa = PBXVariantGroup;
			children = (
				B0691CE92259559B007D5FD6 /* Base */,
			);
			name = LaunchScreen.storyboard;
			sourceTree = "<group>";
		};
/* End PBXVariantGroup section */

/* Begin XCBuildConfiguration section */
		B0691CEC2259559B007D5FD6 /* Debug */ = {
			isa = XCBuildConfiguration;
			buildSettings = {
				ALWAYS_SEARCH_USER_PATHS = NO;
				CLANG_ANALYZER_NONNULL = YES;
				CLANG_ANALYZER_NUMBER_OBJECT_CONVERSION = YES_AGGRESSIVE;
				CLANG_CXX_LANGUAGE_STANDARD = "gnu++14";
				CLANG_CXX_LIBRARY = "libc++";
				CLANG_ENABLE_MODULES = YES;
				CLANG_ENABLE_OBJC_ARC = YES;
				CLANG_ENABLE_OBJC_WEAK = YES;
				CLANG_WARN_BLOCK_CAPTURE_AUTORELEASING = YES;
				CLANG_WARN_BOOL_CONVERSION = YES;
				CLANG_WARN_COMMA = YES;
				CLANG_WARN_CONSTANT_CONVERSION = YES;
				CLANG_WARN_DEPRECATED_OBJC_IMPLEMENTATIONS = YES;
				CLANG_WARN_DIRECT_OBJC_ISA_USAGE = YES_ERROR;
				CLANG_WARN_DOCUMENTATION_COMMENTS = YES;
				CLANG_WARN_EMPTY_BODY = YES;
				CLANG_WARN_ENUM_CONVERSION = YES;
				CLANG_WARN_INFINITE_RECURSION = YES;
				CLANG_WARN_INT_CONVERSION = YES;
				CLANG_WARN_NON_LITERAL_NULL_CONVERSION = YES;
				CLANG_WARN_OBJC_IMPLICIT_RETAIN_SELF = YES;
				CLANG_WARN_OBJC_LITERAL_CONVERSION = YES;
				CLANG_WARN_OBJC_ROOT_CLASS = YES_ERROR;
				CLANG_WARN_RANGE_LOOP_ANALYSIS = YES;
				CLANG_WARN_STRICT_PROTOTYPES = YES;
				CLANG_WARN_SUSPICIOUS_MOVE = YES;
				CLANG_WARN_UNGUARDED_AVAILABILITY = YES_AGGRESSIVE;
				CLANG_WARN_UNREACHABLE_CODE = YES;
				CLANG_WARN__DUPLICATE_METHOD_MATCH = YES;
				CODE_SIGN_IDENTITY = "iPhone Developer";
				COPY_PHASE_STRIP = NO;
				DEBUG_INFORMATION_FORMAT = dwarf;
				ENABLE_STRICT_OBJC_MSGSEND = YES;
				ENABLE_TESTABILITY = YES;
				GCC_C_LANGUAGE_STANDARD = gnu11;
				GCC_DYNAMIC_NO_PIC = NO;
				GCC_NO_COMMON_BLOCKS = YES;
				GCC_OPTIMIZATION_LEVEL = 0;
				GCC_PREPROCESSOR_DEFINITIONS = (
					"DEBUG=1",
					"$(inherited)",
				);
				GCC_WARN_64_TO_32_BIT_CONVERSION = YES;
				GCC_WARN_ABOUT_RETURN_TYPE = YES_ERROR;
				GCC_WARN_UNDECLARED_SELECTOR = YES;
				GCC_WARN_UNINITIALIZED_AUTOS = YES_AGGRESSIVE;
				GCC_WARN_UNUSED_FUNCTION = YES;
				GCC_WARN_UNUSED_VARIABLE = YES;
				IPHONEOS_DEPLOYMENT_TARGET = 12.2;
				MTL_ENABLE_DEBUG_INFO = INCLUDE_SOURCE;
				MTL_FAST_MATH = YES;
				ONLY_ACTIVE_ARCH = YES;
				SDKROOT = iphoneos;
				SWIFT_ACTIVE_COMPILATION_CONDITIONS = DEBUG;
				SWIFT_OPTIMIZATION_LEVEL = "-Onone";
			};
			name = Debug;
		};
		B0691CED2259559B007D5FD6 /* Release */ = {
			isa = XCBuildConfiguration;
			buildSettings = {
				ALWAYS_SEARCH_USER_PATHS = NO;
				CLANG_ANALYZER_NONNULL = YES;
				CLANG_ANALYZER_NUMBER_OBJECT_CONVERSION = YES_AGGRESSIVE;
				CLANG_CXX_LANGUAGE_STANDARD = "gnu++14";
				CLANG_CXX_LIBRARY = "libc++";
				CLANG_ENABLE_MODULES = YES;
				CLANG_ENABLE_OBJC_ARC = YES;
				CLANG_ENABLE_OBJC_WEAK = YES;
				CLANG_WARN_BLOCK_CAPTURE_AUTORELEASING = YES;
				CLANG_WARN_BOOL_CONVERSION = YES;
				CLANG_WARN_COMMA = YES;
				CLANG_WARN_CONSTANT_CONVERSION = YES;
				CLANG_WARN_DEPRECATED_OBJC_IMPLEMENTATIONS = YES;
				CLANG_WARN_DIRECT_OBJC_ISA_USAGE = YES_ERROR;
				CLANG_WARN_DOCUMENTATION_COMMENTS = YES;
				CLANG_WARN_EMPTY_BODY = YES;
				CLANG_WARN_ENUM_CONVERSION = YES;
				CLANG_WARN_INFINITE_RECURSION = YES;
				CLANG_WARN_INT_CONVERSION = YES;
				CLANG_WARN_NON_LITERAL_NULL_CONVERSION = YES;
				CLANG_WARN_OBJC_IMPLICIT_RETAIN_SELF = YES;
				CLANG_WARN_OBJC_LITERAL_CONVERSION = YES;
				CLANG_WARN_OBJC_ROOT_CLASS = YES_ERROR;
				CLANG_WARN_RANGE_LOOP_ANALYSIS = YES;
				CLANG_WARN_STRICT_PROTOTYPES = YES;
				CLANG_WARN_SUSPICIOUS_MOVE = YES;
				CLANG_WARN_UNGUARDED_AVAILABILITY = YES_AGGRESSIVE;
				CLANG_WARN_UNREACHABLE_CODE = YES;
				CLANG_WARN__DUPLICATE_METHOD_MATCH = YES;
				CODE_SIGN_IDENTITY = "iPhone Developer";
				COPY_PHASE_STRIP = NO;
				DEBUG_INFORMATION_FORMAT = "dwarf-with-dsym";
				ENABLE_NS_ASSERTIONS = NO;
				ENABLE_STRICT_OBJC_MSGSEND = YES;
				GCC_C_LANGUAGE_STANDARD = gnu11;
				GCC_NO_COMMON_BLOCKS = YES;
				GCC_WARN_64_TO_32_BIT_CONVERSION = YES;
				GCC_WARN_ABOUT_RETURN_TYPE = YES_ERROR;
				GCC_WARN_UNDECLARED_SELECTOR = YES;
				GCC_WARN_UNINITIALIZED_AUTOS = YES_AGGRESSIVE;
				GCC_WARN_UNUSED_FUNCTION = YES;
				GCC_WARN_UNUSED_VARIABLE = YES;
				IPHONEOS_DEPLOYMENT_TARGET = 12.2;
				MTL_ENABLE_DEBUG_INFO = NO;
				MTL_FAST_MATH = YES;
				SDKROOT = iphoneos;
				SWIFT_COMPILATION_MODE = wholemodule;
				SWIFT_OPTIMIZATION_LEVEL = "-O";
				VALIDATE_PRODUCT = YES;
			};
			name = Release;
		};
		B0691CEF2259559B007D5FD6 /* Debug */ = {
			isa = XCBuildConfiguration;
			buildSettings = {
				ASSETCATALOG_COMPILER_APPICON_NAME = AppIcon;
				CODE_SIGN_STYLE = Automatic;
				DEVELOPMENT_TEAM = 9YP4SSJBR5;
				INFOPLIST_FILE = MinkoPlayer/Info.plist;
				LD_RUNPATH_SEARCH_PATHS = (
					"$(inherited)",
					"@executable_path/Frameworks",
				);
				PRODUCT_BUNDLE_IDENTIFIER = homerlabs.MinkoPlayer;
				PRODUCT_NAME = "$(TARGET_NAME)";
				SWIFT_VERSION = 5.0;
				TARGETED_DEVICE_FAMILY = "1,2";
			};
			name = Debug;
		};
		B0691CF02259559B007D5FD6 /* Release */ = {
			isa = XCBuildConfiguration;
			buildSettings = {
				ASSETCATALOG_COMPILER_APPICON_NAME = AppIcon;
				CODE_SIGN_STYLE = Automatic;
				DEVELOPMENT_TEAM = 9YP4SSJBR5;
				INFOPLIST_FILE = MinkoPlayer/Info.plist;
				LD_RUNPATH_SEARCH_PATHS = (
					"$(inherited)",
					"@executable_path/Frameworks",
				);
				PRODUCT_BUNDLE_IDENTIFIER = homerlabs.MinkoPlayer;
				PRODUCT_NAME = "$(TARGET_NAME)";
				SWIFT_VERSION = 5.0;
				TARGETED_DEVICE_FAMILY = "1,2";
			};
			name = Release;
		};
/* End XCBuildConfiguration section */

/* Begin XCConfigurationList section */
		B0691CD72259559B007D5FD6 /* Build configuration list for PBXProject "MinkoPlayer" */ = {
			isa = XCConfigurationList;
			buildConfigurations = (
				B0691CEC2259559B007D5FD6 /* Debug */,
				B0691CED2259559B007D5FD6 /* Release */,
			);
			defaultConfigurationIsVisible = 0;
			defaultConfigurationName = Release;
		};
		B0691CEE2259559B007D5FD6 /* Build configuration list for PBXNativeTarget "MinkoPlayer" */ = {
			isa = XCConfigurationList;
			buildConfigurations = (
				B0691CEF2259559B007D5FD6 /* Debug */,
				B0691CF02259559B007D5FD6 /* Release */,
			);
			defaultConfigurationIsVisible = 0;
			defaultConfigurationName = Release;
		};
/* End XCConfigurationList section */
	};
	rootObject = B0691CD42259559B007D5FD6 /* Project object */;
}
